// !$*UTF8*$!
{
	archiveVersion = 1;
	classes = {
	};
	objectVersion = 56;
	objects = {

/* Begin PBXBuildFile section */
		A7318FF82A19438300E85289 /* obset.swift in Sources */ = {isa = PBXBuildFile; fileRef = A7318FF72A19438300E85289 /* obset.swift */; };
		A7361F092A1AB5BC00DB4455 /* Layoutopt.swift in Sources */ = {isa = PBXBuildFile; fileRef = A7361F082A1AB5BC00DB4455 /* Layoutopt.swift */; };
		A7361F0C2A1BC64000DB4455 /* Localizable.strings in Resources */ = {isa = PBXBuildFile; fileRef = A7361F0E2A1BC64000DB4455 /* Localizable.strings */; };
		A749C9492A17E295008107CB /* Debug.swift in Sources */ = {isa = PBXBuildFile; fileRef = A749C9482A17E295008107CB /* Debug.swift */; };
		A749C94C2A17E3E7008107CB /* Colors.Debug.Bundle.swift in Sources */ = {isa = PBXBuildFile; fileRef = A749C94B2A17E3E7008107CB /* Colors.Debug.Bundle.swift */; };
		A749C94E2A180AE9008107CB /* cinematic_hit.mp3 in Resources */ = {isa = PBXBuildFile; fileRef = A749C94D2A180AE9008107CB /* cinematic_hit.mp3 */; };
		A75809252A0F514800EC04EA /* Notes.swift in Sources */ = {isa = PBXBuildFile; fileRef = A75809242A0F514800EC04EA /* Notes.swift */; };
		A75F51BB2A10E7280072A254 /* GridSettings.swift in Sources */ = {isa = PBXBuildFile; fileRef = A75F51BA2A10E7280072A254 /* GridSettings.swift */; };
		A75FECC92A1283BE008F51D6 /* Shape.swift in Sources */ = {isa = PBXBuildFile; fileRef = A75FECC82A1283BE008F51D6 /* Shape.swift */; };
		A76B8DD72A18D14F00EBBDF3 /* Shape.Debug.Bundle.swift in Sources */ = {isa = PBXBuildFile; fileRef = A76B8DD62A18D14F00EBBDF3 /* Shape.Debug.Bundle.swift */; };
		A78D582F2A12B4F400C300C1 /* Layout.swift in Sources */ = {isa = PBXBuildFile; fileRef = A78D582E2A12B4F400C300C1 /* Layout.swift */; };
		A78D58312A13C4C200C300C1 /* Setup.swift in Sources */ = {isa = PBXBuildFile; fileRef = A78D58302A13C4C200C300C1 /* Setup.swift */; };
		A78D58332A13EA5700C300C1 /* Haptic+Sound.swift in Sources */ = {isa = PBXBuildFile; fileRef = A78D58322A13EA5700C300C1 /* Haptic+Sound.swift */; };
		A78D58422A150EBE00C300C1 /* fomulary.swift in Sources */ = {isa = PBXBuildFile; fileRef = A78D58412A150EBE00C300C1 /* fomulary.swift */; };
		A78D58452A151ACF00C300C1 /* shapes.fom.swift in Sources */ = {isa = PBXBuildFile; fileRef = A78D58442A151ACF00C300C1 /* shapes.fom.swift */; };
		A78D58482A151BFE00C300C1 /* square.fom.shapes.swift in Sources */ = {isa = PBXBuildFile; fileRef = A78D58472A151BFE00C300C1 /* square.fom.shapes.swift */; };
		A78D584A2A15206400C300C1 /* rectangle.fom.shapes.swift in Sources */ = {isa = PBXBuildFile; fileRef = A78D58492A15206400C300C1 /* rectangle.fom.shapes.swift */; };
		A78D584C2A15214200C300C1 /* parallelogram.fom.shapes.swift in Sources */ = {isa = PBXBuildFile; fileRef = A78D584B2A15214200C300C1 /* parallelogram.fom.shapes.swift */; };
		A78D584E2A15227500C300C1 /* dragon.fom.shapes.swift in Sources */ = {isa = PBXBuildFile; fileRef = A78D584D2A15227500C300C1 /* dragon.fom.shapes.swift */; };
		A78D58502A15548200C300C1 /* updates.swift in Sources */ = {isa = PBXBuildFile; fileRef = A78D584F2A15548200C300C1 /* updates.swift */; };
		A78D58522A15811D00C300C1 /* meow.mp3 in Resources */ = {isa = PBXBuildFile; fileRef = A78D58512A15811D00C300C1 /* meow.mp3 */; };
		A78D58542A15812500C300C1 /* cow.mp3 in Resources */ = {isa = PBXBuildFile; fileRef = A78D58532A15812400C300C1 /* cow.mp3 */; };
		A78D58562A15812D00C300C1 /* glass-crash.mp3 in Resources */ = {isa = PBXBuildFile; fileRef = A78D58552A15812D00C300C1 /* glass-crash.mp3 */; };
		A78D58582A15813500C300C1 /* key.mp3 in Resources */ = {isa = PBXBuildFile; fileRef = A78D58572A15813500C300C1 /* key.mp3 */; };
		A78D58612A16000400C300C1 /* WidgetKit.framework in Frameworks */ = {isa = PBXBuildFile; fileRef = A78D58602A16000400C300C1 /* WidgetKit.framework */; };
		A78D58632A16000400C300C1 /* SwiftUI.framework in Frameworks */ = {isa = PBXBuildFile; fileRef = A78D58622A16000400C300C1 /* SwiftUI.framework */; };
		A78D58662A16000400C300C1 /* CustomCalcWidBundle.swift in Sources */ = {isa = PBXBuildFile; fileRef = A78D58652A16000400C300C1 /* CustomCalcWidBundle.swift */; };
		A78D586A2A16000400C300C1 /* CustomCalcWid.swift in Sources */ = {isa = PBXBuildFile; fileRef = A78D58692A16000400C300C1 /* CustomCalcWid.swift */; };
		A78D586D2A16000600C300C1 /* Assets.xcassets in Resources */ = {isa = PBXBuildFile; fileRef = A78D586C2A16000600C300C1 /* Assets.xcassets */; };
		A78D586F2A16000600C300C1 /* CustomCalcWid.intentdefinition in Sources */ = {isa = PBXBuildFile; fileRef = A78D586B2A16000400C300C1 /* CustomCalcWid.intentdefinition */; };
		A78D58702A16000600C300C1 /* CustomCalcWid.intentdefinition in Sources */ = {isa = PBXBuildFile; fileRef = A78D586B2A16000400C300C1 /* CustomCalcWid.intentdefinition */; };
		A78D58732A16000600C300C1 /* CustCalcWidExtension.appex in Embed Foundation Extensions */ = {isa = PBXBuildFile; fileRef = A78D585E2A16000400C300C1 /* CustCalcWidExtension.appex */; settings = {ATTRIBUTES = (RemoveHeadersOnCopy, ); }; };
		A78D588B2A161DE200C300C1 /* circle.fom.shapes.swift in Sources */ = {isa = PBXBuildFile; fileRef = A78D588A2A161DE200C300C1 /* circle.fom.shapes.swift */; };
		A7BE0C9E2A1A5CAF00D7E831 /* Setup.Debug.Bundle.swift in Sources */ = {isa = PBXBuildFile; fileRef = A7BE0C9D2A1A5CAF00D7E831 /* Setup.Debug.Bundle.swift */; };
		A7ECDF492A0E6F6900B448FC /* CustomCalcApp.swift in Sources */ = {isa = PBXBuildFile; fileRef = A7ECDF482A0E6F6900B448FC /* CustomCalcApp.swift */; };
		A7ECDF4D2A0E6F6B00B448FC /* Assets.xcassets in Resources */ = {isa = PBXBuildFile; fileRef = A7ECDF4C2A0E6F6B00B448FC /* Assets.xcassets */; };
		A7ECDF502A0E6F6B00B448FC /* Preview Assets.xcassets in Resources */ = {isa = PBXBuildFile; fileRef = A7ECDF4F2A0E6F6B00B448FC /* Preview Assets.xcassets */; };
		A7ECDF5A2A0E6F6B00B448FC /* CustomCalcTests.swift in Sources */ = {isa = PBXBuildFile; fileRef = A7ECDF592A0E6F6B00B448FC /* CustomCalcTests.swift */; };
		A7ECDF642A0E6F6B00B448FC /* CustomCalcUITests.swift in Sources */ = {isa = PBXBuildFile; fileRef = A7ECDF632A0E6F6B00B448FC /* CustomCalcUITests.swift */; };
		A7ECDF662A0E6F6B00B448FC /* CustomCalcUITestsLaunchTests.swift in Sources */ = {isa = PBXBuildFile; fileRef = A7ECDF652A0E6F6B00B448FC /* CustomCalcUITestsLaunchTests.swift */; };
		A7ECDF732A0E700000B448FC /* Calculator.swift in Sources */ = {isa = PBXBuildFile; fileRef = A7ECDF722A0E700000B448FC /* Calculator.swift */; };
		A7ECDF752A0E8E2800B448FC /* Color+Shadows.swift in Sources */ = {isa = PBXBuildFile; fileRef = A7ECDF742A0E8E2800B448FC /* Color+Shadows.swift */; };
		A7ECDF772A0E905A00B448FC /* RootView.swift in Sources */ = {isa = PBXBuildFile; fileRef = A7ECDF762A0E905A00B448FC /* RootView.swift */; };
		A7ECDF7D2A0E974E00B448FC /* SettingsUI.swift in Sources */ = {isa = PBXBuildFile; fileRef = A7ECDF7C2A0E974E00B448FC /* SettingsUI.swift */; };
		A7ECDF7F2A0E990D00B448FC /* Credit.swift in Sources */ = {isa = PBXBuildFile; fileRef = A7ECDF7E2A0E990D00B448FC /* Credit.swift */; };
/* End PBXBuildFile section */

/* Begin PBXContainerItemProxy section */
		A78D58712A16000600C300C1 /* PBXContainerItemProxy */ = {
			isa = PBXContainerItemProxy;
			containerPortal = A7ECDF3D2A0E6F6900B448FC /* Project object */;
			proxyType = 1;
			remoteGlobalIDString = A78D585D2A16000400C300C1;
			remoteInfo = CustomCalcWidExtension;
		};
		A78D58882A1607B500C300C1 /* PBXContainerItemProxy */ = {
			isa = PBXContainerItemProxy;
			containerPortal = A7ECDF3D2A0E6F6900B448FC /* Project object */;
			proxyType = 1;
			remoteGlobalIDString = A78D585D2A16000400C300C1;
			remoteInfo = CustomCalcWidExtension;
		};
		A7ECDF562A0E6F6B00B448FC /* PBXContainerItemProxy */ = {
			isa = PBXContainerItemProxy;
			containerPortal = A7ECDF3D2A0E6F6900B448FC /* Project object */;
			proxyType = 1;
			remoteGlobalIDString = A7ECDF442A0E6F6900B448FC;
			remoteInfo = CustomCalc;
		};
		A7ECDF602A0E6F6B00B448FC /* PBXContainerItemProxy */ = {
			isa = PBXContainerItemProxy;
			containerPortal = A7ECDF3D2A0E6F6900B448FC /* Project object */;
			proxyType = 1;
			remoteGlobalIDString = A7ECDF442A0E6F6900B448FC;
			remoteInfo = CustomCalc;
		};
/* End PBXContainerItemProxy section */

/* Begin PBXCopyFilesBuildPhase section */
		A78D58772A16000600C300C1 /* Embed Foundation Extensions */ = {
			isa = PBXCopyFilesBuildPhase;
			buildActionMask = 2147483647;
			dstPath = "";
			dstSubfolderSpec = 13;
			files = (
				A78D58732A16000600C300C1 /* CustCalcWidExtension.appex in Embed Foundation Extensions */,
			);
			name = "Embed Foundation Extensions";
			runOnlyForDeploymentPostprocessing = 0;
		};
/* End PBXCopyFilesBuildPhase section */

/* Begin PBXFileReference section */
		A7318FF72A19438300E85289 /* obset.swift */ = {isa = PBXFileReference; lastKnownFileType = sourcecode.swift; path = obset.swift; sourceTree = "<group>"; };
		A7361F082A1AB5BC00DB4455 /* Layoutopt.swift */ = {isa = PBXFileReference; lastKnownFileType = sourcecode.swift; path = Layoutopt.swift; sourceTree = "<group>"; };
		A7361F0D2A1BC64000DB4455 /* en */ = {isa = PBXFileReference; lastKnownFileType = text.plist.strings; name = en; path = en.lproj/Localizable.strings; sourceTree = "<group>"; };
		A7361F112A1BD01F00DB4455 /* de */ = {isa = PBXFileReference; lastKnownFileType = text.plist.strings; name = de; path = de.lproj/Localizable.strings; sourceTree = "<group>"; };
		A749C9482A17E295008107CB /* Debug.swift */ = {isa = PBXFileReference; lastKnownFileType = sourcecode.swift; path = Debug.swift; sourceTree = "<group>"; };
		A749C94B2A17E3E7008107CB /* Colors.Debug.Bundle.swift */ = {isa = PBXFileReference; lastKnownFileType = sourcecode.swift; path = Colors.Debug.Bundle.swift; sourceTree = "<group>"; };
		A749C94D2A180AE9008107CB /* cinematic_hit.mp3 */ = {isa = PBXFileReference; lastKnownFileType = audio.mp3; path = cinematic_hit.mp3; sourceTree = "<group>"; };
		A75809242A0F514800EC04EA /* Notes.swift */ = {isa = PBXFileReference; lastKnownFileType = sourcecode.swift; path = Notes.swift; sourceTree = "<group>"; };
		A75F51BA2A10E7280072A254 /* GridSettings.swift */ = {isa = PBXFileReference; lastKnownFileType = sourcecode.swift; path = GridSettings.swift; sourceTree = "<group>"; };
		A75FECC82A1283BE008F51D6 /* Shape.swift */ = {isa = PBXFileReference; lastKnownFileType = sourcecode.swift; path = Shape.swift; sourceTree = "<group>"; };
		A76B8DD62A18D14F00EBBDF3 /* Shape.Debug.Bundle.swift */ = {isa = PBXFileReference; lastKnownFileType = sourcecode.swift; path = Shape.Debug.Bundle.swift; sourceTree = "<group>"; };
		A78D582E2A12B4F400C300C1 /* Layout.swift */ = {isa = PBXFileReference; lastKnownFileType = sourcecode.swift; path = Layout.swift; sourceTree = "<group>"; };
		A78D58302A13C4C200C300C1 /* Setup.swift */ = {isa = PBXFileReference; lastKnownFileType = sourcecode.swift; path = Setup.swift; sourceTree = "<group>"; };
		A78D58322A13EA5700C300C1 /* Haptic+Sound.swift */ = {isa = PBXFileReference; lastKnownFileType = sourcecode.swift; path = "Haptic+Sound.swift"; sourceTree = "<group>"; };
		A78D58412A150EBE00C300C1 /* fomulary.swift */ = {isa = PBXFileReference; lastKnownFileType = sourcecode.swift; path = fomulary.swift; sourceTree = "<group>"; };
		A78D58442A151ACF00C300C1 /* shapes.fom.swift */ = {isa = PBXFileReference; lastKnownFileType = sourcecode.swift; path = shapes.fom.swift; sourceTree = "<group>"; };
		A78D58472A151BFE00C300C1 /* square.fom.shapes.swift */ = {isa = PBXFileReference; lastKnownFileType = sourcecode.swift; path = square.fom.shapes.swift; sourceTree = "<group>"; };
		A78D58492A15206400C300C1 /* rectangle.fom.shapes.swift */ = {isa = PBXFileReference; lastKnownFileType = sourcecode.swift; path = rectangle.fom.shapes.swift; sourceTree = "<group>"; };
		A78D584B2A15214200C300C1 /* parallelogram.fom.shapes.swift */ = {isa = PBXFileReference; lastKnownFileType = sourcecode.swift; path = parallelogram.fom.shapes.swift; sourceTree = "<group>"; };
		A78D584D2A15227500C300C1 /* dragon.fom.shapes.swift */ = {isa = PBXFileReference; lastKnownFileType = sourcecode.swift; path = dragon.fom.shapes.swift; sourceTree = "<group>"; };
		A78D584F2A15548200C300C1 /* updates.swift */ = {isa = PBXFileReference; lastKnownFileType = sourcecode.swift; path = updates.swift; sourceTree = "<group>"; };
		A78D58512A15811D00C300C1 /* meow.mp3 */ = {isa = PBXFileReference; lastKnownFileType = audio.mp3; path = meow.mp3; sourceTree = "<group>"; };
		A78D58532A15812400C300C1 /* cow.mp3 */ = {isa = PBXFileReference; lastKnownFileType = audio.mp3; path = cow.mp3; sourceTree = "<group>"; };
		A78D58552A15812D00C300C1 /* glass-crash.mp3 */ = {isa = PBXFileReference; lastKnownFileType = audio.mp3; path = "glass-crash.mp3"; sourceTree = "<group>"; };
		A78D58572A15813500C300C1 /* key.mp3 */ = {isa = PBXFileReference; lastKnownFileType = audio.mp3; path = key.mp3; sourceTree = "<group>"; };
		A78D585E2A16000400C300C1 /* CustCalcWidExtension.appex */ = {isa = PBXFileReference; explicitFileType = "wrapper.app-extension"; includeInIndex = 0; path = CustCalcWidExtension.appex; sourceTree = BUILT_PRODUCTS_DIR; };
		A78D58602A16000400C300C1 /* WidgetKit.framework */ = {isa = PBXFileReference; lastKnownFileType = wrapper.framework; name = WidgetKit.framework; path = System/Library/Frameworks/WidgetKit.framework; sourceTree = SDKROOT; };
		A78D58622A16000400C300C1 /* SwiftUI.framework */ = {isa = PBXFileReference; lastKnownFileType = wrapper.framework; name = SwiftUI.framework; path = System/Library/Frameworks/SwiftUI.framework; sourceTree = SDKROOT; };
		A78D58652A16000400C300C1 /* CustomCalcWidBundle.swift */ = {isa = PBXFileReference; lastKnownFileType = sourcecode.swift; path = CustomCalcWidBundle.swift; sourceTree = "<group>"; };
		A78D58692A16000400C300C1 /* CustomCalcWid.swift */ = {isa = PBXFileReference; lastKnownFileType = sourcecode.swift; path = CustomCalcWid.swift; sourceTree = "<group>"; };
		A78D586B2A16000400C300C1 /* CustomCalcWid.intentdefinition */ = {isa = PBXFileReference; lastKnownFileType = file.intentdefinition; path = CustomCalcWid.intentdefinition; sourceTree = "<group>"; };
		A78D586C2A16000600C300C1 /* Assets.xcassets */ = {isa = PBXFileReference; lastKnownFileType = folder.assetcatalog; path = Assets.xcassets; sourceTree = "<group>"; };
		A78D586E2A16000600C300C1 /* Info.plist */ = {isa = PBXFileReference; lastKnownFileType = text.plist.xml; path = Info.plist; sourceTree = "<group>"; };
		A78D58872A16022F00C300C1 /* CustomCalcWidExtension copy-Info.plist */ = {isa = PBXFileReference; lastKnownFileType = text.plist.xml; name = "CustomCalcWidExtension copy-Info.plist"; path = "/Users/dekotasdev/Desktop/CustomCalc/CustomCalcWidExtension copy-Info.plist"; sourceTree = "<absolute>"; };
		A78D588A2A161DE200C300C1 /* circle.fom.shapes.swift */ = {isa = PBXFileReference; lastKnownFileType = sourcecode.swift; path = circle.fom.shapes.swift; sourceTree = "<group>"; };
		A7BE0C9D2A1A5CAF00D7E831 /* Setup.Debug.Bundle.swift */ = {isa = PBXFileReference; lastKnownFileType = sourcecode.swift; path = Setup.Debug.Bundle.swift; sourceTree = "<group>"; };
		A7ECDF452A0E6F6900B448FC /* CustCalc.app */ = {isa = PBXFileReference; explicitFileType = wrapper.application; includeInIndex = 0; path = CustCalc.app; sourceTree = BUILT_PRODUCTS_DIR; };
		A7ECDF482A0E6F6900B448FC /* CustomCalcApp.swift */ = {isa = PBXFileReference; lastKnownFileType = sourcecode.swift; path = CustomCalcApp.swift; sourceTree = "<group>"; };
		A7ECDF4C2A0E6F6B00B448FC /* Assets.xcassets */ = {isa = PBXFileReference; lastKnownFileType = folder.assetcatalog; path = Assets.xcassets; sourceTree = "<group>"; };
		A7ECDF4F2A0E6F6B00B448FC /* Preview Assets.xcassets */ = {isa = PBXFileReference; lastKnownFileType = folder.assetcatalog; path = "Preview Assets.xcassets"; sourceTree = "<group>"; };
		A7ECDF552A0E6F6B00B448FC /* CustCalcTests.xctest */ = {isa = PBXFileReference; explicitFileType = wrapper.cfbundle; includeInIndex = 0; path = CustCalcTests.xctest; sourceTree = BUILT_PRODUCTS_DIR; };
		A7ECDF592A0E6F6B00B448FC /* CustomCalcTests.swift */ = {isa = PBXFileReference; lastKnownFileType = sourcecode.swift; path = CustomCalcTests.swift; sourceTree = "<group>"; };
		A7ECDF5F2A0E6F6B00B448FC /* CustCalcUITests.xctest */ = {isa = PBXFileReference; explicitFileType = wrapper.cfbundle; includeInIndex = 0; path = CustCalcUITests.xctest; sourceTree = BUILT_PRODUCTS_DIR; };
		A7ECDF632A0E6F6B00B448FC /* CustomCalcUITests.swift */ = {isa = PBXFileReference; lastKnownFileType = sourcecode.swift; path = CustomCalcUITests.swift; sourceTree = "<group>"; };
		A7ECDF652A0E6F6B00B448FC /* CustomCalcUITestsLaunchTests.swift */ = {isa = PBXFileReference; lastKnownFileType = sourcecode.swift; path = CustomCalcUITestsLaunchTests.swift; sourceTree = "<group>"; };
		A7ECDF722A0E700000B448FC /* Calculator.swift */ = {isa = PBXFileReference; lastKnownFileType = sourcecode.swift; path = Calculator.swift; sourceTree = "<group>"; };
		A7ECDF742A0E8E2800B448FC /* Color+Shadows.swift */ = {isa = PBXFileReference; lastKnownFileType = sourcecode.swift; path = "Color+Shadows.swift"; sourceTree = "<group>"; };
		A7ECDF762A0E905A00B448FC /* RootView.swift */ = {isa = PBXFileReference; lastKnownFileType = sourcecode.swift; path = RootView.swift; sourceTree = "<group>"; };
		A7ECDF7C2A0E974E00B448FC /* SettingsUI.swift */ = {isa = PBXFileReference; fileEncoding = 4; lastKnownFileType = sourcecode.swift; path = SettingsUI.swift; sourceTree = "<group>"; };
		A7ECDF7E2A0E990D00B448FC /* Credit.swift */ = {isa = PBXFileReference; lastKnownFileType = sourcecode.swift; path = Credit.swift; sourceTree = "<group>"; };
/* End PBXFileReference section */

/* Begin PBXFrameworksBuildPhase section */
		A78D585B2A16000400C300C1 /* Frameworks */ = {
			isa = PBXFrameworksBuildPhase;
			buildActionMask = 2147483647;
			files = (
				A78D58632A16000400C300C1 /* SwiftUI.framework in Frameworks */,
				A78D58612A16000400C300C1 /* WidgetKit.framework in Frameworks */,
			);
			runOnlyForDeploymentPostprocessing = 0;
		};
		A7ECDF422A0E6F6900B448FC /* Frameworks */ = {
			isa = PBXFrameworksBuildPhase;
			buildActionMask = 2147483647;
			files = (
			);
			runOnlyForDeploymentPostprocessing = 0;
		};
		A7ECDF522A0E6F6B00B448FC /* Frameworks */ = {
			isa = PBXFrameworksBuildPhase;
			buildActionMask = 2147483647;
			files = (
			);
			runOnlyForDeploymentPostprocessing = 0;
		};
		A7ECDF5C2A0E6F6B00B448FC /* Frameworks */ = {
			isa = PBXFrameworksBuildPhase;
			buildActionMask = 2147483647;
			files = (
			);
			runOnlyForDeploymentPostprocessing = 0;
		};
/* End PBXFrameworksBuildPhase section */

/* Begin PBXGroup section */
		A749C94A2A17E37D008107CB /* DebugBundles */ = {
			isa = PBXGroup;
			children = (
				A749C94B2A17E3E7008107CB /* Colors.Debug.Bundle.swift */,
				A76B8DD62A18D14F00EBBDF3 /* Shape.Debug.Bundle.swift */,
				A7BE0C9D2A1A5CAF00D7E831 /* Setup.Debug.Bundle.swift */,
			);
			path = DebugBundles;
			sourceTree = "<group>";
		};
		A75AD05A2A11615F00186C35 /* Pages */ = {
			isa = PBXGroup;
			children = (
				A7ECDF722A0E700000B448FC /* Calculator.swift */,
				A75809242A0F514800EC04EA /* Notes.swift */,
				A78D58412A150EBE00C300C1 /* fomulary.swift */,
				A7ECDF7C2A0E974E00B448FC /* SettingsUI.swift */,
			);
			path = Pages;
			sourceTree = "<group>";
		};
		A75F51BC2A10F0F60072A254 /* Root */ = {
			isa = PBXGroup;
			children = (
				A7361F0E2A1BC64000DB4455 /* Localizable.strings */,
				A7ECDF482A0E6F6900B448FC /* CustomCalcApp.swift */,
				A7ECDF762A0E905A00B448FC /* RootView.swift */,
				A75AD05A2A11615F00186C35 /* Pages */,
				A78D58592A15F81200C300C1 /* Sounds */,
			);
			path = Root;
			sourceTree = "<group>";
		};
		A75F51BD2A10F11E0072A254 /* SettingsBundles */ = {
			isa = PBXGroup;
			children = (
				A7ECDF742A0E8E2800B448FC /* Color+Shadows.swift */,
				A75FECC82A1283BE008F51D6 /* Shape.swift */,
				A749C9482A17E295008107CB /* Debug.swift */,
				A7318FF72A19438300E85289 /* obset.swift */,
				A7361F082A1AB5BC00DB4455 /* Layoutopt.swift */,
				A78D582E2A12B4F400C300C1 /* Layout.swift */,
				A78D58302A13C4C200C300C1 /* Setup.swift */,
				A78D58322A13EA5700C300C1 /* Haptic+Sound.swift */,
				A75F51BA2A10E7280072A254 /* GridSettings.swift */,
				A7ECDF7E2A0E990D00B448FC /* Credit.swift */,
			);
			path = SettingsBundles;
			sourceTree = "<group>";
		};
		A78D58432A151A8000C300C1 /* FomularyBundles */ = {
			isa = PBXGroup;
			children = (
				A78D584F2A15548200C300C1 /* updates.swift */,
				A78D58442A151ACF00C300C1 /* shapes.fom.swift */,
				A78D58462A151BD300C300C1 /* ShapesBundles */,
			);
			path = FomularyBundles;
			sourceTree = "<group>";
		};
		A78D58462A151BD300C300C1 /* ShapesBundles */ = {
			isa = PBXGroup;
			children = (
				A78D58472A151BFE00C300C1 /* square.fom.shapes.swift */,
				A78D58492A15206400C300C1 /* rectangle.fom.shapes.swift */,
				A78D584B2A15214200C300C1 /* parallelogram.fom.shapes.swift */,
				A78D584D2A15227500C300C1 /* dragon.fom.shapes.swift */,
				A78D588A2A161DE200C300C1 /* circle.fom.shapes.swift */,
			);
			path = ShapesBundles;
			sourceTree = "<group>";
		};
		A78D58592A15F81200C300C1 /* Sounds */ = {
			isa = PBXGroup;
			children = (
				A78D58512A15811D00C300C1 /* meow.mp3 */,
				A749C94D2A180AE9008107CB /* cinematic_hit.mp3 */,
				A78D58532A15812400C300C1 /* cow.mp3 */,
				A78D58552A15812D00C300C1 /* glass-crash.mp3 */,
				A78D58572A15813500C300C1 /* key.mp3 */,
			);
			path = Sounds;
			sourceTree = "<group>";
		};
		A78D585F2A16000400C300C1 /* Frameworks */ = {
			isa = PBXGroup;
			children = (
				A78D58602A16000400C300C1 /* WidgetKit.framework */,
				A78D58622A16000400C300C1 /* SwiftUI.framework */,
			);
			name = Frameworks;
			sourceTree = "<group>";
		};
		A78D58642A16000400C300C1 /* CustomCalcWid */ = {
			isa = PBXGroup;
			children = (
				A78D58652A16000400C300C1 /* CustomCalcWidBundle.swift */,
				A78D58692A16000400C300C1 /* CustomCalcWid.swift */,
				A78D586B2A16000400C300C1 /* CustomCalcWid.intentdefinition */,
				A78D586C2A16000600C300C1 /* Assets.xcassets */,
				A78D586E2A16000600C300C1 /* Info.plist */,
			);
			path = CustomCalcWid;
			sourceTree = "<group>";
		};
		A78D588C2A16274600C300C1 /* Bundles */ = {
			isa = PBXGroup;
			children = (
				A749C94A2A17E37D008107CB /* DebugBundles */,
				A75F51BD2A10F11E0072A254 /* SettingsBundles */,
				A78D58432A151A8000C300C1 /* FomularyBundles */,
			);
			path = Bundles;
			sourceTree = "<group>";
		};
		A7ECDF3C2A0E6F6900B448FC = {
			isa = PBXGroup;
			children = (
				A7ECDF472A0E6F6900B448FC /* CustomCalc */,
				A7ECDF4E2A0E6F6B00B448FC /* Preview Content */,
				A7ECDF582A0E6F6B00B448FC /* CustomCalcTests */,
				A7ECDF622A0E6F6B00B448FC /* CustomCalcUITests */,
				A78D58642A16000400C300C1 /* CustomCalcWid */,
				A78D585F2A16000400C300C1 /* Frameworks */,
				A7ECDF462A0E6F6900B448FC /* Products */,
				A78D58872A16022F00C300C1 /* CustomCalcWidExtension copy-Info.plist */,
			);
			sourceTree = "<group>";
		};
		A7ECDF462A0E6F6900B448FC /* Products */ = {
			isa = PBXGroup;
			children = (
				A7ECDF452A0E6F6900B448FC /* CustCalc.app */,
				A7ECDF552A0E6F6B00B448FC /* CustCalcTests.xctest */,
				A7ECDF5F2A0E6F6B00B448FC /* CustCalcUITests.xctest */,
				A78D585E2A16000400C300C1 /* CustCalcWidExtension.appex */,
			);
			name = Products;
			sourceTree = "<group>";
		};
		A7ECDF472A0E6F6900B448FC /* CustomCalc */ = {
			isa = PBXGroup;
			children = (
				A7ECDF4C2A0E6F6B00B448FC /* Assets.xcassets */,
				A75F51BC2A10F0F60072A254 /* Root */,
				A78D588C2A16274600C300C1 /* Bundles */,
			);
			path = CustomCalc;
			sourceTree = "<group>";
		};
		A7ECDF4E2A0E6F6B00B448FC /* Preview Content */ = {
			isa = PBXGroup;
			children = (
				A7ECDF4F2A0E6F6B00B448FC /* Preview Assets.xcassets */,
			);
			path = "Preview Content";
			sourceTree = "<group>";
		};
		A7ECDF582A0E6F6B00B448FC /* CustomCalcTests */ = {
			isa = PBXGroup;
			children = (
				A7ECDF592A0E6F6B00B448FC /* CustomCalcTests.swift */,
			);
			path = CustomCalcTests;
			sourceTree = "<group>";
		};
		A7ECDF622A0E6F6B00B448FC /* CustomCalcUITests */ = {
			isa = PBXGroup;
			children = (
				A7ECDF632A0E6F6B00B448FC /* CustomCalcUITests.swift */,
				A7ECDF652A0E6F6B00B448FC /* CustomCalcUITestsLaunchTests.swift */,
			);
			path = CustomCalcUITests;
			sourceTree = "<group>";
		};
/* End PBXGroup section */

/* Begin PBXNativeTarget section */
		A78D585D2A16000400C300C1 /* CustCalcWidExtension */ = {
			isa = PBXNativeTarget;
			buildConfigurationList = A78D58742A16000600C300C1 /* Build configuration list for PBXNativeTarget "CustCalcWidExtension" */;
			buildPhases = (
				A78D585A2A16000400C300C1 /* Sources */,
				A78D585B2A16000400C300C1 /* Frameworks */,
				A78D585C2A16000400C300C1 /* Resources */,
			);
			buildRules = (
			);
			dependencies = (
			);
			name = CustCalcWidExtension;
			productName = CustomCalcWidExtension;
			productReference = A78D585E2A16000400C300C1 /* CustCalcWidExtension.appex */;
			productType = "com.apple.product-type.app-extension";
		};
		A7ECDF442A0E6F6900B448FC /* CustCalc */ = {
			isa = PBXNativeTarget;
			buildConfigurationList = A7ECDF692A0E6F6B00B448FC /* Build configuration list for PBXNativeTarget "CustCalc" */;
			buildPhases = (
				A7ECDF412A0E6F6900B448FC /* Sources */,
				A7ECDF422A0E6F6900B448FC /* Frameworks */,
				A7ECDF432A0E6F6900B448FC /* Resources */,
				A78D58772A16000600C300C1 /* Embed Foundation Extensions */,
			);
			buildRules = (
			);
			dependencies = (
				A78D58722A16000600C300C1 /* PBXTargetDependency */,
				A78D58892A1607B500C300C1 /* PBXTargetDependency */,
			);
			name = CustCalc;
			productName = CustomCalc;
			productReference = A7ECDF452A0E6F6900B448FC /* CustCalc.app */;
			productType = "com.apple.product-type.application";
		};
		A7ECDF542A0E6F6B00B448FC /* CustCalcTests */ = {
			isa = PBXNativeTarget;
			buildConfigurationList = A7ECDF6C2A0E6F6B00B448FC /* Build configuration list for PBXNativeTarget "CustCalcTests" */;
			buildPhases = (
				A7ECDF512A0E6F6B00B448FC /* Sources */,
				A7ECDF522A0E6F6B00B448FC /* Frameworks */,
				A7ECDF532A0E6F6B00B448FC /* Resources */,
			);
			buildRules = (
			);
			dependencies = (
				A7ECDF572A0E6F6B00B448FC /* PBXTargetDependency */,
			);
			name = CustCalcTests;
			productName = CustomCalcTests;
			productReference = A7ECDF552A0E6F6B00B448FC /* CustCalcTests.xctest */;
			productType = "com.apple.product-type.bundle.unit-test";
		};
		A7ECDF5E2A0E6F6B00B448FC /* CustCalcUITests */ = {
			isa = PBXNativeTarget;
			buildConfigurationList = A7ECDF6F2A0E6F6B00B448FC /* Build configuration list for PBXNativeTarget "CustCalcUITests" */;
			buildPhases = (
				A7ECDF5B2A0E6F6B00B448FC /* Sources */,
				A7ECDF5C2A0E6F6B00B448FC /* Frameworks */,
				A7ECDF5D2A0E6F6B00B448FC /* Resources */,
			);
			buildRules = (
			);
			dependencies = (
				A7ECDF612A0E6F6B00B448FC /* PBXTargetDependency */,
			);
			name = CustCalcUITests;
			productName = CustomCalcUITests;
			productReference = A7ECDF5F2A0E6F6B00B448FC /* CustCalcUITests.xctest */;
			productType = "com.apple.product-type.bundle.ui-testing";
		};
/* End PBXNativeTarget section */

/* Begin PBXProject section */
		A7ECDF3D2A0E6F6900B448FC /* Project object */ = {
			isa = PBXProject;
			attributes = {
				BuildIndependentTargetsInParallel = 1;
				LastSwiftUpdateCheck = 1430;
				LastUpgradeCheck = 1430;
				TargetAttributes = {
					A78D585D2A16000400C300C1 = {
						CreatedOnToolsVersion = 14.3;
					};
					A7ECDF442A0E6F6900B448FC = {
						CreatedOnToolsVersion = 14.3;
					};
					A7ECDF542A0E6F6B00B448FC = {
						CreatedOnToolsVersion = 14.3;
						TestTargetID = A7ECDF442A0E6F6900B448FC;
					};
					A7ECDF5E2A0E6F6B00B448FC = {
						CreatedOnToolsVersion = 14.3;
						TestTargetID = A7ECDF442A0E6F6900B448FC;
					};
				};
			};
			buildConfigurationList = A7ECDF402A0E6F6900B448FC /* Build configuration list for PBXProject "CustCalc" */;
			compatibilityVersion = "Xcode 14.0";
			developmentRegion = en;
			hasScannedForEncodings = 0;
			knownRegions = (
				en,
				Base,
				de,
			);
			mainGroup = A7ECDF3C2A0E6F6900B448FC;
			productRefGroup = A7ECDF462A0E6F6900B448FC /* Products */;
			projectDirPath = "";
			projectRoot = "";
			targets = (
				A7ECDF442A0E6F6900B448FC /* CustCalc */,
				A7ECDF542A0E6F6B00B448FC /* CustCalcTests */,
				A7ECDF5E2A0E6F6B00B448FC /* CustCalcUITests */,
				A78D585D2A16000400C300C1 /* CustCalcWidExtension */,
			);
		};
/* End PBXProject section */

/* Begin PBXResourcesBuildPhase section */
		A78D585C2A16000400C300C1 /* Resources */ = {
			isa = PBXResourcesBuildPhase;
			buildActionMask = 2147483647;
			files = (
				A78D586D2A16000600C300C1 /* Assets.xcassets in Resources */,
			);
			runOnlyForDeploymentPostprocessing = 0;
		};
		A7ECDF432A0E6F6900B448FC /* Resources */ = {
			isa = PBXResourcesBuildPhase;
			buildActionMask = 2147483647;
			files = (
				A7ECDF502A0E6F6B00B448FC /* Preview Assets.xcassets in Resources */,
				A7ECDF4D2A0E6F6B00B448FC /* Assets.xcassets in Resources */,
				A78D58522A15811D00C300C1 /* meow.mp3 in Resources */,
				A78D58582A15813500C300C1 /* key.mp3 in Resources */,
				A7361F0C2A1BC64000DB4455 /* Localizable.strings in Resources */,
				A749C94E2A180AE9008107CB /* cinematic_hit.mp3 in Resources */,
				A78D58562A15812D00C300C1 /* glass-crash.mp3 in Resources */,
				A78D58542A15812500C300C1 /* cow.mp3 in Resources */,
			);
			runOnlyForDeploymentPostprocessing = 0;
		};
		A7ECDF532A0E6F6B00B448FC /* Resources */ = {
			isa = PBXResourcesBuildPhase;
			buildActionMask = 2147483647;
			files = (
			);
			runOnlyForDeploymentPostprocessing = 0;
		};
		A7ECDF5D2A0E6F6B00B448FC /* Resources */ = {
			isa = PBXResourcesBuildPhase;
			buildActionMask = 2147483647;
			files = (
			);
			runOnlyForDeploymentPostprocessing = 0;
		};
/* End PBXResourcesBuildPhase section */

/* Begin PBXSourcesBuildPhase section */
		A78D585A2A16000400C300C1 /* Sources */ = {
			isa = PBXSourcesBuildPhase;
			buildActionMask = 2147483647;
			files = (
				A78D586A2A16000400C300C1 /* CustomCalcWid.swift in Sources */,
				A78D586F2A16000600C300C1 /* CustomCalcWid.intentdefinition in Sources */,
				A78D58662A16000400C300C1 /* CustomCalcWidBundle.swift in Sources */,
			);
			runOnlyForDeploymentPostprocessing = 0;
		};
		A7ECDF412A0E6F6900B448FC /* Sources */ = {
			isa = PBXSourcesBuildPhase;
			buildActionMask = 2147483647;
			files = (
				A78D58312A13C4C200C300C1 /* Setup.swift in Sources */,
				A7361F092A1AB5BC00DB4455 /* Layoutopt.swift in Sources */,
				A7ECDF7F2A0E990D00B448FC /* Credit.swift in Sources */,
				A75809252A0F514800EC04EA /* Notes.swift in Sources */,
				A7ECDF492A0E6F6900B448FC /* CustomCalcApp.swift in Sources */,
				A78D58502A15548200C300C1 /* updates.swift in Sources */,
				A7318FF82A19438300E85289 /* obset.swift in Sources */,
				A78D58482A151BFE00C300C1 /* square.fom.shapes.swift in Sources */,
				A78D584E2A15227500C300C1 /* dragon.fom.shapes.swift in Sources */,
				A76B8DD72A18D14F00EBBDF3 /* Shape.Debug.Bundle.swift in Sources */,
				A78D58332A13EA5700C300C1 /* Haptic+Sound.swift in Sources */,
				A7ECDF7D2A0E974E00B448FC /* SettingsUI.swift in Sources */,
				A78D58702A16000600C300C1 /* CustomCalcWid.intentdefinition in Sources */,
				A75FECC92A1283BE008F51D6 /* Shape.swift in Sources */,
				A78D58422A150EBE00C300C1 /* fomulary.swift in Sources */,
				A75F51BB2A10E7280072A254 /* GridSettings.swift in Sources */,
				A749C94C2A17E3E7008107CB /* Colors.Debug.Bundle.swift in Sources */,
				A749C9492A17E295008107CB /* Debug.swift in Sources */,
				A7ECDF752A0E8E2800B448FC /* Color+Shadows.swift in Sources */,
				A78D588B2A161DE200C300C1 /* circle.fom.shapes.swift in Sources */,
				A7BE0C9E2A1A5CAF00D7E831 /* Setup.Debug.Bundle.swift in Sources */,
				A78D582F2A12B4F400C300C1 /* Layout.swift in Sources */,
				A78D584A2A15206400C300C1 /* rectangle.fom.shapes.swift in Sources */,
				A78D58452A151ACF00C300C1 /* shapes.fom.swift in Sources */,
				A78D584C2A15214200C300C1 /* parallelogram.fom.shapes.swift in Sources */,
				A7ECDF732A0E700000B448FC /* Calculator.swift in Sources */,
				A7ECDF772A0E905A00B448FC /* RootView.swift in Sources */,
			);
			runOnlyForDeploymentPostprocessing = 0;
		};
		A7ECDF512A0E6F6B00B448FC /* Sources */ = {
			isa = PBXSourcesBuildPhase;
			buildActionMask = 2147483647;
			files = (
				A7ECDF5A2A0E6F6B00B448FC /* CustomCalcTests.swift in Sources */,
			);
			runOnlyForDeploymentPostprocessing = 0;
		};
		A7ECDF5B2A0E6F6B00B448FC /* Sources */ = {
			isa = PBXSourcesBuildPhase;
			buildActionMask = 2147483647;
			files = (
				A7ECDF662A0E6F6B00B448FC /* CustomCalcUITestsLaunchTests.swift in Sources */,
				A7ECDF642A0E6F6B00B448FC /* CustomCalcUITests.swift in Sources */,
			);
			runOnlyForDeploymentPostprocessing = 0;
		};
/* End PBXSourcesBuildPhase section */

/* Begin PBXTargetDependency section */
		A78D58722A16000600C300C1 /* PBXTargetDependency */ = {
			isa = PBXTargetDependency;
			target = A78D585D2A16000400C300C1 /* CustCalcWidExtension */;
			targetProxy = A78D58712A16000600C300C1 /* PBXContainerItemProxy */;
		};
		A78D58892A1607B500C300C1 /* PBXTargetDependency */ = {
			isa = PBXTargetDependency;
			target = A78D585D2A16000400C300C1 /* CustCalcWidExtension */;
			targetProxy = A78D58882A1607B500C300C1 /* PBXContainerItemProxy */;
		};
		A7ECDF572A0E6F6B00B448FC /* PBXTargetDependency */ = {
			isa = PBXTargetDependency;
			target = A7ECDF442A0E6F6900B448FC /* CustCalc */;
			targetProxy = A7ECDF562A0E6F6B00B448FC /* PBXContainerItemProxy */;
		};
		A7ECDF612A0E6F6B00B448FC /* PBXTargetDependency */ = {
			isa = PBXTargetDependency;
			target = A7ECDF442A0E6F6900B448FC /* CustCalc */;
			targetProxy = A7ECDF602A0E6F6B00B448FC /* PBXContainerItemProxy */;
		};
/* End PBXTargetDependency section */

/* Begin PBXVariantGroup section */
		A7361F0E2A1BC64000DB4455 /* Localizable.strings */ = {
			isa = PBXVariantGroup;
			children = (
				A7361F0D2A1BC64000DB4455 /* en */,
				A7361F112A1BD01F00DB4455 /* de */,
			);
			name = Localizable.strings;
			sourceTree = "<group>";
		};
/* End PBXVariantGroup section */

/* Begin XCBuildConfiguration section */
		A78D58752A16000600C300C1 /* Debug */ = {
			isa = XCBuildConfiguration;
			buildSettings = {
				ASSETCATALOG_COMPILER_GLOBAL_ACCENT_COLOR_NAME = AccentColor;
				ASSETCATALOG_COMPILER_WIDGET_BACKGROUND_COLOR_NAME = WidgetBackground;
				CODE_SIGN_STYLE = Automatic;
				CURRENT_PROJECT_VERSION = 1;
				DEVELOPMENT_TEAM = 625F8G5286;
				GENERATE_INFOPLIST_FILE = YES;
				INFOPLIST_FILE = CustomCalcWid/Info.plist;
				INFOPLIST_KEY_CFBundleDisplayName = CustomCalcWid;
				INFOPLIST_KEY_NSHumanReadableCopyright = "";
				IPHONEOS_DEPLOYMENT_TARGET = 15.0;
				LD_RUNPATH_SEARCH_PATHS = (
					"$(inherited)",
					"@executable_path/Frameworks",
					"@executable_path/../../Frameworks",
				);
				MARKETING_VERSION = 1.0;
				PRODUCT_BUNDLE_IDENTIFIER = com.silverkonik.colorfulcalculator.CustomCalc.CustomCalcWid;
				PRODUCT_NAME = "$(TARGET_NAME)";
				SKIP_INSTALL = YES;
				SWIFT_EMIT_LOC_STRINGS = YES;
				SWIFT_VERSION = 5.0;
				TARGETED_DEVICE_FAMILY = "1,2";
			};
			name = Debug;
		};
		A78D58762A16000600C300C1 /* Release */ = {
			isa = XCBuildConfiguration;
			buildSettings = {
				ASSETCATALOG_COMPILER_GLOBAL_ACCENT_COLOR_NAME = AccentColor;
				ASSETCATALOG_COMPILER_WIDGET_BACKGROUND_COLOR_NAME = WidgetBackground;
				CODE_SIGN_STYLE = Automatic;
				CURRENT_PROJECT_VERSION = 1;
				DEVELOPMENT_TEAM = 625F8G5286;
				GENERATE_INFOPLIST_FILE = YES;
				INFOPLIST_FILE = CustomCalcWid/Info.plist;
				INFOPLIST_KEY_CFBundleDisplayName = CustomCalcWid;
				INFOPLIST_KEY_NSHumanReadableCopyright = "";
				IPHONEOS_DEPLOYMENT_TARGET = 15.0;
				LD_RUNPATH_SEARCH_PATHS = (
					"$(inherited)",
					"@executable_path/Frameworks",
					"@executable_path/../../Frameworks",
				);
				MARKETING_VERSION = 1.0;
				PRODUCT_BUNDLE_IDENTIFIER = com.silverkonik.colorfulcalculator.CustomCalc.CustomCalcWid;
				PRODUCT_NAME = "$(TARGET_NAME)";
				SKIP_INSTALL = YES;
				SWIFT_EMIT_LOC_STRINGS = YES;
				SWIFT_VERSION = 5.0;
				TARGETED_DEVICE_FAMILY = "1,2";
			};
			name = Release;
		};
		A7ECDF672A0E6F6B00B448FC /* Debug */ = {
			isa = XCBuildConfiguration;
			buildSettings = {
				ALWAYS_SEARCH_USER_PATHS = NO;
				CLANG_ANALYZER_LOCALIZABILITY_NONLOCALIZED = YES;
				CLANG_ANALYZER_NONNULL = YES;
				CLANG_ANALYZER_NUMBER_OBJECT_CONVERSION = YES_AGGRESSIVE;
				CLANG_CXX_LANGUAGE_STANDARD = "gnu++20";
				CLANG_ENABLE_MODULES = YES;
				CLANG_ENABLE_OBJC_ARC = YES;
				CLANG_ENABLE_OBJC_WEAK = YES;
				CLANG_WARN_BLOCK_CAPTURE_AUTORELEASING = YES;
				CLANG_WARN_BOOL_CONVERSION = YES;
				CLANG_WARN_COMMA = YES;
				CLANG_WARN_CONSTANT_CONVERSION = YES;
				CLANG_WARN_DEPRECATED_OBJC_IMPLEMENTATIONS = YES;
				CLANG_WARN_DIRECT_OBJC_ISA_USAGE = YES_ERROR;
				CLANG_WARN_DOCUMENTATION_COMMENTS = YES;
				CLANG_WARN_EMPTY_BODY = YES;
				CLANG_WARN_ENUM_CONVERSION = YES;
				CLANG_WARN_INFINITE_RECURSION = YES;
				CLANG_WARN_INT_CONVERSION = YES;
				CLANG_WARN_NON_LITERAL_NULL_CONVERSION = YES;
				CLANG_WARN_OBJC_IMPLICIT_RETAIN_SELF = YES;
				CLANG_WARN_OBJC_LITERAL_CONVERSION = YES;
				CLANG_WARN_OBJC_ROOT_CLASS = YES_ERROR;
				CLANG_WARN_QUOTED_INCLUDE_IN_FRAMEWORK_HEADER = YES;
				CLANG_WARN_RANGE_LOOP_ANALYSIS = YES;
				CLANG_WARN_STRICT_PROTOTYPES = YES;
				CLANG_WARN_SUSPICIOUS_MOVE = YES;
				CLANG_WARN_UNGUARDED_AVAILABILITY = YES_AGGRESSIVE;
				CLANG_WARN_UNREACHABLE_CODE = YES;
				CLANG_WARN__DUPLICATE_METHOD_MATCH = YES;
				COPY_PHASE_STRIP = NO;
				DEBUG_INFORMATION_FORMAT = dwarf;
				ENABLE_STRICT_OBJC_MSGSEND = YES;
				ENABLE_TESTABILITY = YES;
				GCC_C_LANGUAGE_STANDARD = gnu11;
				GCC_DYNAMIC_NO_PIC = NO;
				GCC_NO_COMMON_BLOCKS = YES;
				GCC_OPTIMIZATION_LEVEL = 0;
				GCC_PREPROCESSOR_DEFINITIONS = (
					"DEBUG=1",
					"$(inherited)",
				);
				GCC_WARN_64_TO_32_BIT_CONVERSION = YES;
				GCC_WARN_ABOUT_RETURN_TYPE = YES_ERROR;
				GCC_WARN_UNDECLARED_SELECTOR = YES;
				GCC_WARN_UNINITIALIZED_AUTOS = YES_AGGRESSIVE;
				GCC_WARN_UNUSED_FUNCTION = YES;
				GCC_WARN_UNUSED_VARIABLE = YES;
				IPHONEOS_DEPLOYMENT_TARGET = 16.4;
				MTL_ENABLE_DEBUG_INFO = INCLUDE_SOURCE;
				MTL_FAST_MATH = YES;
				ONLY_ACTIVE_ARCH = YES;
				SDKROOT = iphoneos;
				SWIFT_ACTIVE_COMPILATION_CONDITIONS = DEBUG;
				SWIFT_OPTIMIZATION_LEVEL = "-Onone";
			};
			name = Debug;
		};
		A7ECDF682A0E6F6B00B448FC /* Release */ = {
			isa = XCBuildConfiguration;
			buildSettings = {
				ALWAYS_SEARCH_USER_PATHS = NO;
				CLANG_ANALYZER_LOCALIZABILITY_NONLOCALIZED = YES;
				CLANG_ANALYZER_NONNULL = YES;
				CLANG_ANALYZER_NUMBER_OBJECT_CONVERSION = YES_AGGRESSIVE;
				CLANG_CXX_LANGUAGE_STANDARD = "gnu++20";
				CLANG_ENABLE_MODULES = YES;
				CLANG_ENABLE_OBJC_ARC = YES;
				CLANG_ENABLE_OBJC_WEAK = YES;
				CLANG_WARN_BLOCK_CAPTURE_AUTORELEASING = YES;
				CLANG_WARN_BOOL_CONVERSION = YES;
				CLANG_WARN_COMMA = YES;
				CLANG_WARN_CONSTANT_CONVERSION = YES;
				CLANG_WARN_DEPRECATED_OBJC_IMPLEMENTATIONS = YES;
				CLANG_WARN_DIRECT_OBJC_ISA_USAGE = YES_ERROR;
				CLANG_WARN_DOCUMENTATION_COMMENTS = YES;
				CLANG_WARN_EMPTY_BODY = YES;
				CLANG_WARN_ENUM_CONVERSION = YES;
				CLANG_WARN_INFINITE_RECURSION = YES;
				CLANG_WARN_INT_CONVERSION = YES;
				CLANG_WARN_NON_LITERAL_NULL_CONVERSION = YES;
				CLANG_WARN_OBJC_IMPLICIT_RETAIN_SELF = YES;
				CLANG_WARN_OBJC_LITERAL_CONVERSION = YES;
				CLANG_WARN_OBJC_ROOT_CLASS = YES_ERROR;
				CLANG_WARN_QUOTED_INCLUDE_IN_FRAMEWORK_HEADER = YES;
				CLANG_WARN_RANGE_LOOP_ANALYSIS = YES;
				CLANG_WARN_STRICT_PROTOTYPES = YES;
				CLANG_WARN_SUSPICIOUS_MOVE = YES;
				CLANG_WARN_UNGUARDED_AVAILABILITY = YES_AGGRESSIVE;
				CLANG_WARN_UNREACHABLE_CODE = YES;
				CLANG_WARN__DUPLICATE_METHOD_MATCH = YES;
				COPY_PHASE_STRIP = NO;
				DEBUG_INFORMATION_FORMAT = "dwarf-with-dsym";
				ENABLE_NS_ASSERTIONS = NO;
				ENABLE_STRICT_OBJC_MSGSEND = YES;
				GCC_C_LANGUAGE_STANDARD = gnu11;
				GCC_NO_COMMON_BLOCKS = YES;
				GCC_WARN_64_TO_32_BIT_CONVERSION = YES;
				GCC_WARN_ABOUT_RETURN_TYPE = YES_ERROR;
				GCC_WARN_UNDECLARED_SELECTOR = YES;
				GCC_WARN_UNINITIALIZED_AUTOS = YES_AGGRESSIVE;
				GCC_WARN_UNUSED_FUNCTION = YES;
				GCC_WARN_UNUSED_VARIABLE = YES;
				IPHONEOS_DEPLOYMENT_TARGET = 16.4;
				MTL_ENABLE_DEBUG_INFO = NO;
				MTL_FAST_MATH = YES;
				SDKROOT = iphoneos;
				SWIFT_COMPILATION_MODE = wholemodule;
				SWIFT_OPTIMIZATION_LEVEL = "-O";
				VALIDATE_PRODUCT = YES;
			};
			name = Release;
		};
		A7ECDF6A2A0E6F6B00B448FC /* Debug */ = {
			isa = XCBuildConfiguration;
			buildSettings = {
				ALWAYS_EMBED_SWIFT_STANDARD_LIBRARIES = YES;
				ASSETCATALOG_COMPILER_APPICON_NAME = AppIcon;
				"ASSETCATALOG_COMPILER_APPICON_NAME[sdk=iphoneos*]" = AppIcon;
				ASSETCATALOG_COMPILER_GLOBAL_ACCENT_COLOR_NAME = AccentColor;
				ASSETCATALOG_COMPILER_INCLUDE_ALL_APPICON_ASSETS = NO;
				CODE_SIGN_STYLE = Automatic;
				CURRENT_PROJECT_VERSION = 1;
				DEVELOPMENT_ASSET_PATHS = "\"CustomCalc\"";
				DEVELOPMENT_TEAM = "";
				ENABLE_PREVIEWS = YES;
				GENERATE_INFOPLIST_FILE = YES;
				INFOPLIST_KEY_CFBundleDisplayName = CustCalc;
				INFOPLIST_KEY_LSApplicationCategoryType = "public.app-category.education";
				INFOPLIST_KEY_UIApplicationSceneManifest_Generation = YES;
				INFOPLIST_KEY_UIApplicationSupportsIndirectInputEvents = YES;
				INFOPLIST_KEY_UILaunchScreen_Generation = YES;
				INFOPLIST_KEY_UISupportedInterfaceOrientations = UIInterfaceOrientationPortrait;
				INFOPLIST_KEY_UISupportedInterfaceOrientations_iPad = "UIInterfaceOrientationLandscapeLeft UIInterfaceOrientationLandscapeRight UIInterfaceOrientationPortrait UIInterfaceOrientationPortraitUpsideDown";
				IPHONEOS_DEPLOYMENT_TARGET = 15.0;
				LD_RUNPATH_SEARCH_PATHS = (
					"$(inherited)",
					"@executable_path/Frameworks",
				);
				MARKETING_VERSION = 0.3;
				PRODUCT_BUNDLE_IDENTIFIER = com.dekotastm.custcalc;
				PRODUCT_NAME = "$(TARGET_NAME)";
				SWIFT_EMIT_LOC_STRINGS = YES;
				SWIFT_VERSION = 5.0;
				TARGETED_DEVICE_FAMILY = "1,2";
			};
			name = Debug;
		};
		A7ECDF6B2A0E6F6B00B448FC /* Release */ = {
			isa = XCBuildConfiguration;
			buildSettings = {
				ALWAYS_EMBED_SWIFT_STANDARD_LIBRARIES = YES;
				ASSETCATALOG_COMPILER_APPICON_NAME = AppIcon;
				ASSETCATALOG_COMPILER_GLOBAL_ACCENT_COLOR_NAME = AccentColor;
				ASSETCATALOG_COMPILER_INCLUDE_ALL_APPICON_ASSETS = NO;
				CODE_SIGN_STYLE = Automatic;
				CURRENT_PROJECT_VERSION = 1;
				DEVELOPMENT_ASSET_PATHS = "\"CustomCalc\"";
				DEVELOPMENT_TEAM = "";
				ENABLE_PREVIEWS = YES;
				GENERATE_INFOPLIST_FILE = YES;
				INFOPLIST_KEY_CFBundleDisplayName = CustCalc;
				INFOPLIST_KEY_LSApplicationCategoryType = "public.app-category.education";
				INFOPLIST_KEY_UIApplicationSceneManifest_Generation = YES;
				INFOPLIST_KEY_UIApplicationSupportsIndirectInputEvents = YES;
				INFOPLIST_KEY_UILaunchScreen_Generation = YES;
				INFOPLIST_KEY_UISupportedInterfaceOrientations = UIInterfaceOrientationPortrait;
				INFOPLIST_KEY_UISupportedInterfaceOrientations_iPad = "UIInterfaceOrientationLandscapeLeft UIInterfaceOrientationLandscapeRight UIInterfaceOrientationPortrait UIInterfaceOrientationPortraitUpsideDown";
				IPHONEOS_DEPLOYMENT_TARGET = 15.0;
				LD_RUNPATH_SEARCH_PATHS = (
					"$(inherited)",
					"@executable_path/Frameworks",
				);
				MARKETING_VERSION = 0.3;
				PRODUCT_BUNDLE_IDENTIFIER = com.dekotastm.custcalc;
				PRODUCT_NAME = "$(TARGET_NAME)";
				SWIFT_EMIT_LOC_STRINGS = YES;
				SWIFT_VERSION = 5.0;
				TARGETED_DEVICE_FAMILY = "1,2";
			};
			name = Release;
		};
		A7ECDF6D2A0E6F6B00B448FC /* Debug */ = {
			isa = XCBuildConfiguration;
			buildSettings = {
				ALWAYS_EMBED_SWIFT_STANDARD_LIBRARIES = YES;
				BUNDLE_LOADER = "$(TEST_HOST)";
				CODE_SIGN_STYLE = Automatic;
				CURRENT_PROJECT_VERSION = 1;
				DEVELOPMENT_TEAM = 625F8G5286;
				GENERATE_INFOPLIST_FILE = YES;
				IPHONEOS_DEPLOYMENT_TARGET = 16.4;
				MARKETING_VERSION = 1.0;
				PRODUCT_BUNDLE_IDENTIFIER = com.silverkonik.colorfulcalculator.CustomCalcTests;
				PRODUCT_NAME = "$(TARGET_NAME)";
				SWIFT_EMIT_LOC_STRINGS = NO;
				SWIFT_VERSION = 5.0;
				TARGETED_DEVICE_FAMILY = "1,2";
				TEST_HOST = "$(BUILT_PRODUCTS_DIR)/CustCalc.app/$(BUNDLE_EXECUTABLE_FOLDER_PATH)/CustCalc";
			};
			name = Debug;
		};
		A7ECDF6E2A0E6F6B00B448FC /* Release */ = {
			isa = XCBuildConfiguration;
			buildSettings = {
				ALWAYS_EMBED_SWIFT_STANDARD_LIBRARIES = YES;
				BUNDLE_LOADER = "$(TEST_HOST)";
				CODE_SIGN_STYLE = Automatic;
				CURRENT_PROJECT_VERSION = 1;
				DEVELOPMENT_TEAM = 625F8G5286;
				GENERATE_INFOPLIST_FILE = YES;
				IPHONEOS_DEPLOYMENT_TARGET = 16.4;
				MARKETING_VERSION = 1.0;
				PRODUCT_BUNDLE_IDENTIFIER = com.silverkonik.colorfulcalculator.CustomCalcTests;
				PRODUCT_NAME = "$(TARGET_NAME)";
				SWIFT_EMIT_LOC_STRINGS = NO;
				SWIFT_VERSION = 5.0;
				TARGETED_DEVICE_FAMILY = "1,2";
				TEST_HOST = "$(BUILT_PRODUCTS_DIR)/CustCalc.app/$(BUNDLE_EXECUTABLE_FOLDER_PATH)/CustCalc";
			};
			name = Release;
		};
		A7ECDF702A0E6F6B00B448FC /* Debug */ = {
			isa = XCBuildConfiguration;
			buildSettings = {
				ALWAYS_EMBED_SWIFT_STANDARD_LIBRARIES = YES;
				CODE_SIGN_STYLE = Automatic;
				CURRENT_PROJECT_VERSION = 1;
				DEVELOPMENT_TEAM = 625F8G5286;
				GENERATE_INFOPLIST_FILE = YES;
				MARKETING_VERSION = 1.0;
				PRODUCT_BUNDLE_IDENTIFIER = com.silverkonik.colorfulcalculator.CustomCalcUITests;
				PRODUCT_NAME = "$(TARGET_NAME)";
				SWIFT_EMIT_LOC_STRINGS = NO;
				SWIFT_VERSION = 5.0;
				TARGETED_DEVICE_FAMILY = "1,2";
				TEST_TARGET_NAME = CustomCalc;
			};
			name = Debug;
		};
		A7ECDF712A0E6F6B00B448FC /* Release */ = {
			isa = XCBuildConfiguration;
			buildSettings = {
				ALWAYS_EMBED_SWIFT_STANDARD_LIBRARIES = YES;
				CODE_SIGN_STYLE = Automatic;
				CURRENT_PROJECT_VERSION = 1;
				DEVELOPMENT_TEAM = 625F8G5286;
				GENERATE_INFOPLIST_FILE = YES;
				MARKETING_VERSION = 1.0;
				PRODUCT_BUNDLE_IDENTIFIER = com.silverkonik.colorfulcalculator.CustomCalcUITests;
				PRODUCT_NAME = "$(TARGET_NAME)";
				SWIFT_EMIT_LOC_STRINGS = NO;
				SWIFT_VERSION = 5.0;
				TARGETED_DEVICE_FAMILY = "1,2";
				TEST_TARGET_NAME = CustomCalc;
			};
			name = Release;
		};
/* End XCBuildConfiguration section */

/* Begin XCConfigurationList section */
		A78D58742A16000600C300C1 /* Build configuration list for PBXNativeTarget "CustCalcWidExtension" */ = {
			isa = XCConfigurationList;
			buildConfigurations = (
				A78D58752A16000600C300C1 /* Debug */,
				A78D58762A16000600C300C1 /* Release */,
			);
			defaultConfigurationIsVisible = 0;
			defaultConfigurationName = Release;
		};
		A7ECDF402A0E6F6900B448FC /* Build configuration list for PBXProject "CustCalc" */ = {
			isa = XCConfigurationList;
			buildConfigurations = (
				A7ECDF672A0E6F6B00B448FC /* Debug */,
				A7ECDF682A0E6F6B00B448FC /* Release */,
			);
			defaultConfigurationIsVisible = 0;
			defaultConfigurationName = Release;
		};
		A7ECDF692A0E6F6B00B448FC /* Build configuration list for PBXNativeTarget "CustCalc" */ = {
			isa = XCConfigurationList;
			buildConfigurations = (
				A7ECDF6A2A0E6F6B00B448FC /* Debug */,
				A7ECDF6B2A0E6F6B00B448FC /* Release */,
			);
			defaultConfigurationIsVisible = 0;
			defaultConfigurationName = Release;
		};
		A7ECDF6C2A0E6F6B00B448FC /* Build configuration list for PBXNativeTarget "CustCalcTests" */ = {
			isa = XCConfigurationList;
			buildConfigurations = (
				A7ECDF6D2A0E6F6B00B448FC /* Debug */,
				A7ECDF6E2A0E6F6B00B448FC /* Release */,
			);
			defaultConfigurationIsVisible = 0;
			defaultConfigurationName = Release;
		};
		A7ECDF6F2A0E6F6B00B448FC /* Build configuration list for PBXNativeTarget "CustCalcUITests" */ = {
			isa = XCConfigurationList;
			buildConfigurations = (
				A7ECDF702A0E6F6B00B448FC /* Debug */,
				A7ECDF712A0E6F6B00B448FC /* Release */,
			);
			defaultConfigurationIsVisible = 0;
			defaultConfigurationName = Release;
		};
/* End XCConfigurationList section */
	};
	rootObject = A7ECDF3D2A0E6F6900B448FC /* Project object */;
}
