// !$*UTF8*$!
{
	archiveVersion = 1;
	classes = {
	};
	objectVersion = 56;
	objects = {

/* Begin PBXBuildFile section */
		350D920E2B38BE09001B9318 /* Calculator.swift in Sources */ = {isa = PBXBuildFile; fileRef = 350D920D2B38BE09001B9318 /* Calculator.swift */; };
		350D92102B38BE26001B9318 /* Credits.swift in Sources */ = {isa = PBXBuildFile; fileRef = 350D920F2B38BE26001B9318 /* Credits.swift */; };
		A7318FF82A19438300E85289 /* upper_box.swift in Sources */ = {isa = PBXBuildFile; fileRef = A7318FF72A19438300E85289 /* upper_box.swift */; };
		A7361F0C2A1BC64000DB4455 /* Localizable.strings in Resources */ = {isa = PBXBuildFile; fileRef = A7361F0E2A1BC64000DB4455 /* Localizable.strings */; };
		A75809252A0F514800EC04EA /* Notes.swift in Sources */ = {isa = PBXBuildFile; fileRef = A75809242A0F514800EC04EA /* Notes.swift */; };
		A75F51BB2A10E7280072A254 /* GridSettings.swift in Sources */ = {isa = PBXBuildFile; fileRef = A75F51BA2A10E7280072A254 /* GridSettings.swift */; };
		A75FECC92A1283BE008F51D6 /* shape.swift in Sources */ = {isa = PBXBuildFile; fileRef = A75FECC82A1283BE008F51D6 /* shape.swift */; };
		A78D582F2A12B4F400C300C1 /* Layout.swift in Sources */ = {isa = PBXBuildFile; fileRef = A78D582E2A12B4F400C300C1 /* Layout.swift */; };
		A78D58332A13EA5700C300C1 /* Haptic+Sound.swift in Sources */ = {isa = PBXBuildFile; fileRef = A78D58322A13EA5700C300C1 /* Haptic+Sound.swift */; };
		A78D58502A15548200C300C1 /* updates.swift in Sources */ = {isa = PBXBuildFile; fileRef = A78D584F2A15548200C300C1 /* updates.swift */; };
		A7ECDF492A0E6F6900B448FC /* CustomCalcApp.swift in Sources */ = {isa = PBXBuildFile; fileRef = A7ECDF482A0E6F6900B448FC /* CustomCalcApp.swift */; };
		A7ECDF4D2A0E6F6B00B448FC /* Assets.xcassets in Resources */ = {isa = PBXBuildFile; fileRef = A7ECDF4C2A0E6F6B00B448FC /* Assets.xcassets */; };
		A7ECDF5A2A0E6F6B00B448FC /* CustomCalcTests.swift in Sources */ = {isa = PBXBuildFile; fileRef = A7ECDF592A0E6F6B00B448FC /* CustomCalcTests.swift */; };
		A7ECDF642A0E6F6B00B448FC /* CustomCalcUITests.swift in Sources */ = {isa = PBXBuildFile; fileRef = A7ECDF632A0E6F6B00B448FC /* CustomCalcUITests.swift */; };
		A7ECDF662A0E6F6B00B448FC /* CustomCalcUITestsLaunchTests.swift in Sources */ = {isa = PBXBuildFile; fileRef = A7ECDF652A0E6F6B00B448FC /* CustomCalcUITestsLaunchTests.swift */; };
		A7ECDF752A0E8E2800B448FC /* color_and_shadows.swift in Sources */ = {isa = PBXBuildFile; fileRef = A7ECDF742A0E8E2800B448FC /* color_and_shadows.swift */; };
		A7ECDF772A0E905A00B448FC /* RootView.swift in Sources */ = {isa = PBXBuildFile; fileRef = A7ECDF762A0E905A00B448FC /* RootView.swift */; };
		A7ECDF7D2A0E974E00B448FC /* SettingsUI.swift in Sources */ = {isa = PBXBuildFile; fileRef = A7ECDF7C2A0E974E00B448FC /* SettingsUI.swift */; };
		B510A41A2A3234D300D30A6D /* TabBar.swift in Sources */ = {isa = PBXBuildFile; fileRef = B510A4192A3234D300D30A6D /* TabBar.swift */; };
		B5D621F72A23C68F00556527 /* EmojiPicker.swift in Sources */ = {isa = PBXBuildFile; fileRef = B5D621F62A23C68F00556527 /* EmojiPicker.swift */; };
		B5D621FA2A23FE1500556527 /* Gesture.swift in Sources */ = {isa = PBXBuildFile; fileRef = B5D621F92A23FE1500556527 /* Gesture.swift */; };
		B5D621FC2A2431C100556527 /* arg.swift in Sources */ = {isa = PBXBuildFile; fileRef = B5D621FB2A2431C100556527 /* arg.swift */; };
		B5D621FE2A24C6A500556527 /* History.swift in Sources */ = {isa = PBXBuildFile; fileRef = B5D621FD2A24C6A400556527 /* History.swift */; };
		B5ECC7602A2A22C700DD54E1 /* notest.swift in Sources */ = {isa = PBXBuildFile; fileRef = B5ECC75F2A2A22C700DD54E1 /* notest.swift */; };
		EFFE953C2B3A3A6A00B25366 /* preview_box.swift in Sources */ = {isa = PBXBuildFile; fileRef = EFFE953B2B3A3A6A00B25366 /* preview_box.swift */; };
/* End PBXBuildFile section */

/* Begin PBXContainerItemProxy section */
		A78D58882A1607B500C300C1 /* PBXContainerItemProxy */ = {
			isa = PBXContainerItemProxy;
			containerPortal = A7ECDF3D2A0E6F6900B448FC /* Project object */;
			proxyType = 1;
			remoteGlobalIDString = A78D585D2A16000400C300C1;
			remoteInfo = CustomCalcWidExtension;
		};
		A7ECDF562A0E6F6B00B448FC /* PBXContainerItemProxy */ = {
			isa = PBXContainerItemProxy;
			containerPortal = A7ECDF3D2A0E6F6900B448FC /* Project object */;
			proxyType = 1;
			remoteGlobalIDString = A7ECDF442A0E6F6900B448FC;
			remoteInfo = CustomCalc;
		};
		A7ECDF602A0E6F6B00B448FC /* PBXContainerItemProxy */ = {
			isa = PBXContainerItemProxy;
			containerPortal = A7ECDF3D2A0E6F6900B448FC /* Project object */;
			proxyType = 1;
			remoteGlobalIDString = A7ECDF442A0E6F6900B448FC;
			remoteInfo = CustomCalc;
		};
/* End PBXContainerItemProxy section */

/* Begin PBXCopyFilesBuildPhase section */
		A78D58772A16000600C300C1 /* Embed Foundation Extensions */ = {
			isa = PBXCopyFilesBuildPhase;
			buildActionMask = 2147483647;
			dstPath = "";
			dstSubfolderSpec = 13;
			files = (
			);
			name = "Embed Foundation Extensions";
			runOnlyForDeploymentPostprocessing = 0;
		};
		B5D621932A22A27100556527 /* Embed Watch Content */ = {
			isa = PBXCopyFilesBuildPhase;
			buildActionMask = 2147483647;
			dstPath = "$(CONTENTS_FOLDER_PATH)/Watch";
			dstSubfolderSpec = 16;
			files = (
			);
			name = "Embed Watch Content";
			runOnlyForDeploymentPostprocessing = 0;
		};
/* End PBXCopyFilesBuildPhase section */

/* Begin PBXFileReference section */
		350D920D2B38BE09001B9318 /* Calculator.swift */ = {isa = PBXFileReference; fileEncoding = 4; lastKnownFileType = sourcecode.swift; path = Calculator.swift; sourceTree = SOURCE_ROOT; };
		350D920F2B38BE26001B9318 /* Credits.swift */ = {isa = PBXFileReference; fileEncoding = 4; lastKnownFileType = sourcecode.swift; path = Credits.swift; sourceTree = SOURCE_ROOT; };
		A7318FF72A19438300E85289 /* upper_box.swift */ = {isa = PBXFileReference; lastKnownFileType = sourcecode.swift; path = upper_box.swift; sourceTree = "<group>"; };
		A7361F0D2A1BC64000DB4455 /* en */ = {isa = PBXFileReference; lastKnownFileType = text.plist.strings; name = en; path = en.lproj/Localizable.strings; sourceTree = "<group>"; };
		A7361F112A1BD01F00DB4455 /* de */ = {isa = PBXFileReference; lastKnownFileType = text.plist.strings; name = de; path = de.lproj/Localizable.strings; sourceTree = "<group>"; };
		A75809242A0F514800EC04EA /* Notes.swift */ = {isa = PBXFileReference; lastKnownFileType = sourcecode.swift; path = Notes.swift; sourceTree = "<group>"; };
		A75F51BA2A10E7280072A254 /* GridSettings.swift */ = {isa = PBXFileReference; lastKnownFileType = sourcecode.swift; path = GridSettings.swift; sourceTree = "<group>"; };
		A75FECC82A1283BE008F51D6 /* shape.swift */ = {isa = PBXFileReference; lastKnownFileType = sourcecode.swift; path = shape.swift; sourceTree = "<group>"; };
		A78D582E2A12B4F400C300C1 /* Layout.swift */ = {isa = PBXFileReference; lastKnownFileType = sourcecode.swift; path = Layout.swift; sourceTree = "<group>"; };
		A78D58322A13EA5700C300C1 /* Haptic+Sound.swift */ = {isa = PBXFileReference; lastKnownFileType = sourcecode.swift; path = "Haptic+Sound.swift"; sourceTree = "<group>"; };
		A78D584F2A15548200C300C1 /* updates.swift */ = {isa = PBXFileReference; lastKnownFileType = sourcecode.swift; path = updates.swift; sourceTree = "<group>"; };
		A78D58602A16000400C300C1 /* WidgetKit.framework */ = {isa = PBXFileReference; lastKnownFileType = wrapper.framework; name = WidgetKit.framework; path = System/Library/Frameworks/WidgetKit.framework; sourceTree = SDKROOT; };
		A78D58622A16000400C300C1 /* SwiftUI.framework */ = {isa = PBXFileReference; lastKnownFileType = wrapper.framework; name = SwiftUI.framework; path = System/Library/Frameworks/SwiftUI.framework; sourceTree = SDKROOT; };
		A7ECDF452A0E6F6900B448FC /* CustCalc.app */ = {isa = PBXFileReference; explicitFileType = wrapper.application; includeInIndex = 0; path = CustCalc.app; sourceTree = BUILT_PRODUCTS_DIR; };
		A7ECDF482A0E6F6900B448FC /* CustomCalcApp.swift */ = {isa = PBXFileReference; lastKnownFileType = sourcecode.swift; path = CustomCalcApp.swift; sourceTree = "<group>"; };
		A7ECDF4C2A0E6F6B00B448FC /* Assets.xcassets */ = {isa = PBXFileReference; lastKnownFileType = folder.assetcatalog; path = Assets.xcassets; sourceTree = "<group>"; };
		A7ECDF552A0E6F6B00B448FC /* CustCalcTests.xctest */ = {isa = PBXFileReference; explicitFileType = wrapper.cfbundle; includeInIndex = 0; path = CustCalcTests.xctest; sourceTree = BUILT_PRODUCTS_DIR; };
		A7ECDF592A0E6F6B00B448FC /* CustomCalcTests.swift */ = {isa = PBXFileReference; lastKnownFileType = sourcecode.swift; path = CustomCalcTests.swift; sourceTree = "<group>"; };
		A7ECDF5F2A0E6F6B00B448FC /* CustCalcUITests.xctest */ = {isa = PBXFileReference; explicitFileType = wrapper.cfbundle; includeInIndex = 0; path = CustCalcUITests.xctest; sourceTree = BUILT_PRODUCTS_DIR; };
		A7ECDF632A0E6F6B00B448FC /* CustomCalcUITests.swift */ = {isa = PBXFileReference; lastKnownFileType = sourcecode.swift; path = CustomCalcUITests.swift; sourceTree = "<group>"; };
		A7ECDF652A0E6F6B00B448FC /* CustomCalcUITestsLaunchTests.swift */ = {isa = PBXFileReference; lastKnownFileType = sourcecode.swift; path = CustomCalcUITestsLaunchTests.swift; sourceTree = "<group>"; };
		A7ECDF742A0E8E2800B448FC /* color_and_shadows.swift */ = {isa = PBXFileReference; lastKnownFileType = sourcecode.swift; path = color_and_shadows.swift; sourceTree = "<group>"; };
		A7ECDF762A0E905A00B448FC /* RootView.swift */ = {isa = PBXFileReference; lastKnownFileType = sourcecode.swift; path = RootView.swift; sourceTree = "<group>"; };
		A7ECDF7C2A0E974E00B448FC /* SettingsUI.swift */ = {isa = PBXFileReference; fileEncoding = 4; lastKnownFileType = sourcecode.swift; path = SettingsUI.swift; sourceTree = "<group>"; };
		B50256682A27B29F007AFE31 /* CustCalc-Info.plist */ = {isa = PBXFileReference; lastKnownFileType = text.plist; path = "CustCalc-Info.plist"; sourceTree = "<group>"; };
		B510A4192A3234D300D30A6D /* TabBar.swift */ = {isa = PBXFileReference; lastKnownFileType = sourcecode.swift; path = TabBar.swift; sourceTree = "<group>"; };
		B5D6217C2A224F9500556527 /* fi */ = {isa = PBXFileReference; lastKnownFileType = text.plist.strings; name = fi; path = fi.lproj/Localizable.strings; sourceTree = "<group>"; };
		B5D6217D2A22694900556527 /* ar */ = {isa = PBXFileReference; lastKnownFileType = text.plist.strings; name = ar; path = ar.lproj/Localizable.strings; sourceTree = "<group>"; };
		B5D621F32A23AE2F00556527 /* nl */ = {isa = PBXFileReference; lastKnownFileType = text.plist.strings; name = nl; path = nl.lproj/Localizable.strings; sourceTree = "<group>"; };
		B5D621F62A23C68F00556527 /* EmojiPicker.swift */ = {isa = PBXFileReference; lastKnownFileType = sourcecode.swift; path = EmojiPicker.swift; sourceTree = "<group>"; };
		B5D621F82A23EF3400556527 /* fr */ = {isa = PBXFileReference; lastKnownFileType = text.plist.strings; name = fr; path = fr.lproj/Localizable.strings; sourceTree = "<group>"; };
		B5D621F92A23FE1500556527 /* Gesture.swift */ = {isa = PBXFileReference; lastKnownFileType = sourcecode.swift; path = Gesture.swift; sourceTree = "<group>"; };
		B5D621FB2A2431C100556527 /* arg.swift */ = {isa = PBXFileReference; lastKnownFileType = sourcecode.swift; path = arg.swift; sourceTree = "<group>"; };
		B5D621FD2A24C6A400556527 /* History.swift */ = {isa = PBXFileReference; lastKnownFileType = sourcecode.swift; path = History.swift; sourceTree = "<group>"; };
		B5ECC75F2A2A22C700DD54E1 /* notest.swift */ = {isa = PBXFileReference; lastKnownFileType = sourcecode.swift; path = notest.swift; sourceTree = "<group>"; };
		EFFE953B2B3A3A6A00B25366 /* preview_box.swift */ = {isa = PBXFileReference; lastKnownFileType = sourcecode.swift; path = preview_box.swift; sourceTree = "<group>"; };
/* End PBXFileReference section */

/* Begin PBXFrameworksBuildPhase section */
		A7ECDF422A0E6F6900B448FC /* Frameworks */ = {
			isa = PBXFrameworksBuildPhase;
			buildActionMask = 2147483647;
			files = (
			);
			runOnlyForDeploymentPostprocessing = 0;
		};
		A7ECDF522A0E6F6B00B448FC /* Frameworks */ = {
			isa = PBXFrameworksBuildPhase;
			buildActionMask = 2147483647;
			files = (
			);
			runOnlyForDeploymentPostprocessing = 0;
		};
		A7ECDF5C2A0E6F6B00B448FC /* Frameworks */ = {
			isa = PBXFrameworksBuildPhase;
			buildActionMask = 2147483647;
			files = (
			);
			runOnlyForDeploymentPostprocessing = 0;
		};
/* End PBXFrameworksBuildPhase section */

/* Begin PBXGroup section */
		A75AD05A2A11615F00186C35 /* Pages */ = {
			isa = PBXGroup;
			children = (
				350D920D2B38BE09001B9318 /* Calculator.swift */,
				A75809242A0F514800EC04EA /* Notes.swift */,
				B5D621FD2A24C6A400556527 /* History.swift */,
				A7ECDF7C2A0E974E00B448FC /* SettingsUI.swift */,
			);
			path = Pages;
			sourceTree = "<group>";
		};
		A75F51BC2A10F0F60072A254 /* Root */ = {
			isa = PBXGroup;
			children = (
				A7361F0E2A1BC64000DB4455 /* Localizable.strings */,
				A7ECDF482A0E6F6900B448FC /* CustomCalcApp.swift */,
				A7ECDF762A0E905A00B448FC /* RootView.swift */,
				A75AD05A2A11615F00186C35 /* Pages */,
			);
			path = Root;
			sourceTree = "<group>";
		};
		A75F51BD2A10F11E0072A254 /* SettingsBundles */ = {
			isa = PBXGroup;
			children = (
				A7318FF72A19438300E85289 /* upper_box.swift */,
				A75FECC82A1283BE008F51D6 /* shape.swift */,
				A7ECDF742A0E8E2800B448FC /* color_and_shadows.swift */,
				A78D582E2A12B4F400C300C1 /* Layout.swift */,
				B510A4192A3234D300D30A6D /* TabBar.swift */,
				B5D621F92A23FE1500556527 /* Gesture.swift */,
				A78D58322A13EA5700C300C1 /* Haptic+Sound.swift */,
				B5D621FB2A2431C100556527 /* arg.swift */,
				A75F51BA2A10E7280072A254 /* GridSettings.swift */,
				350D920F2B38BE26001B9318 /* Credits.swift */,
				EFFE953D2B3A3A7300B25366 /* assets */,
			);
			path = SettingsBundles;
			sourceTree = "<group>";
		};
		A78D58432A151A8000C300C1 /* FomularyBundles */ = {
			isa = PBXGroup;
			children = (
				A78D584F2A15548200C300C1 /* updates.swift */,
			);
			path = FomularyBundles;
			sourceTree = "<group>";
		};
		A78D585F2A16000400C300C1 /* Frameworks */ = {
			isa = PBXGroup;
			children = (
				A78D58602A16000400C300C1 /* WidgetKit.framework */,
				A78D58622A16000400C300C1 /* SwiftUI.framework */,
			);
			name = Frameworks;
			sourceTree = "<group>";
		};
		A78D588C2A16274600C300C1 /* Bundles */ = {
			isa = PBXGroup;
			children = (
				A75F51BD2A10F11E0072A254 /* SettingsBundles */,
				A78D58432A151A8000C300C1 /* FomularyBundles */,
			);
			path = Bundles;
			sourceTree = "<group>";
		};
		A7ECDF3C2A0E6F6900B448FC = {
			isa = PBXGroup;
			children = (
				B50256682A27B29F007AFE31 /* CustCalc-Info.plist */,
				A7ECDF472A0E6F6900B448FC /* CustomCalc */,
				A7ECDF4E2A0E6F6B00B448FC /* Preview Content */,
				A7ECDF582A0E6F6B00B448FC /* CustomCalcTests */,
				A7ECDF622A0E6F6B00B448FC /* CustomCalcUITests */,
				A78D585F2A16000400C300C1 /* Frameworks */,
				A7ECDF462A0E6F6900B448FC /* Products */,
			);
			sourceTree = "<group>";
		};
		A7ECDF462A0E6F6900B448FC /* Products */ = {
			isa = PBXGroup;
			children = (
				A7ECDF452A0E6F6900B448FC /* CustCalc.app */,
				A7ECDF552A0E6F6B00B448FC /* CustCalcTests.xctest */,
				A7ECDF5F2A0E6F6B00B448FC /* CustCalcUITests.xctest */,
			);
			name = Products;
			sourceTree = "<group>";
		};
		A7ECDF472A0E6F6900B448FC /* CustomCalc */ = {
			isa = PBXGroup;
			children = (
				A7ECDF4C2A0E6F6B00B448FC /* Assets.xcassets */,
				A75F51BC2A10F0F60072A254 /* Root */,
				A78D588C2A16274600C300C1 /* Bundles */,
			);
			path = CustomCalc;
			sourceTree = "<group>";
		};
		A7ECDF4E2A0E6F6B00B448FC /* Preview Content */ = {
			isa = PBXGroup;
			children = (
			);
			path = "Preview Content";
			sourceTree = "<group>";
		};
		A7ECDF582A0E6F6B00B448FC /* CustomCalcTests */ = {
			isa = PBXGroup;
			children = (
				A7ECDF592A0E6F6B00B448FC /* CustomCalcTests.swift */,
			);
			path = CustomCalcTests;
			sourceTree = "<group>";
		};
		A7ECDF622A0E6F6B00B448FC /* CustomCalcUITests */ = {
			isa = PBXGroup;
			children = (
				A7ECDF632A0E6F6B00B448FC /* CustomCalcUITests.swift */,
				A7ECDF652A0E6F6B00B448FC /* CustomCalcUITestsLaunchTests.swift */,
			);
			path = CustomCalcUITests;
			sourceTree = "<group>";
		};
		EFFE953D2B3A3A7300B25366 /* assets */ = {
			isa = PBXGroup;
			children = (
				EFFE953B2B3A3A6A00B25366 /* preview_box.swift */,
				B5ECC75F2A2A22C700DD54E1 /* notest.swift */,
				B5D621F62A23C68F00556527 /* EmojiPicker.swift */,
			);
			path = assets;
			sourceTree = "<group>";
		};
/* End PBXGroup section */

/* Begin PBXNativeTarget section */
		A7ECDF442A0E6F6900B448FC /* CustCalc */ = {
			isa = PBXNativeTarget;
			buildConfigurationList = A7ECDF692A0E6F6B00B448FC /* Build configuration list for PBXNativeTarget "CustCalc" */;
			buildPhases = (
				A7ECDF412A0E6F6900B448FC /* Sources */,
				A7ECDF422A0E6F6900B448FC /* Frameworks */,
				A7ECDF432A0E6F6900B448FC /* Resources */,
				A78D58772A16000600C300C1 /* Embed Foundation Extensions */,
				B5D621932A22A27100556527 /* Embed Watch Content */,
			);
			buildRules = (
			);
			dependencies = (
				A78D58892A1607B500C300C1 /* PBXTargetDependency */,
			);
			name = CustCalc;
			productName = CustomCalc;
			productReference = A7ECDF452A0E6F6900B448FC /* CustCalc.app */;
			productType = "com.apple.product-type.application";
		};
		A7ECDF542A0E6F6B00B448FC /* CustCalcTests */ = {
			isa = PBXNativeTarget;
			buildConfigurationList = A7ECDF6C2A0E6F6B00B448FC /* Build configuration list for PBXNativeTarget "CustCalcTests" */;
			buildPhases = (
				A7ECDF512A0E6F6B00B448FC /* Sources */,
				A7ECDF522A0E6F6B00B448FC /* Frameworks */,
				A7ECDF532A0E6F6B00B448FC /* Resources */,
			);
			buildRules = (
			);
			dependencies = (
				A7ECDF572A0E6F6B00B448FC /* PBXTargetDependency */,
			);
			name = CustCalcTests;
			productName = CustomCalcTests;
			productReference = A7ECDF552A0E6F6B00B448FC /* CustCalcTests.xctest */;
			productType = "com.apple.product-type.bundle.unit-test";
		};
		A7ECDF5E2A0E6F6B00B448FC /* CustCalcUITests */ = {
			isa = PBXNativeTarget;
			buildConfigurationList = A7ECDF6F2A0E6F6B00B448FC /* Build configuration list for PBXNativeTarget "CustCalcUITests" */;
			buildPhases = (
				A7ECDF5B2A0E6F6B00B448FC /* Sources */,
				A7ECDF5C2A0E6F6B00B448FC /* Frameworks */,
				A7ECDF5D2A0E6F6B00B448FC /* Resources */,
			);
			buildRules = (
			);
			dependencies = (
				A7ECDF612A0E6F6B00B448FC /* PBXTargetDependency */,
			);
			name = CustCalcUITests;
			productName = CustomCalcUITests;
			productReference = A7ECDF5F2A0E6F6B00B448FC /* CustCalcUITests.xctest */;
			productType = "com.apple.product-type.bundle.ui-testing";
		};
/* End PBXNativeTarget section */

/* Begin PBXProject section */
		A7ECDF3D2A0E6F6900B448FC /* Project object */ = {
			isa = PBXProject;
			attributes = {
				BuildIndependentTargetsInParallel = 1;
				LastSwiftUpdateCheck = 1500;
				LastUpgradeCheck = 1500;
				TargetAttributes = {
					A7ECDF442A0E6F6900B448FC = {
						CreatedOnToolsVersion = 14.3;
					};
					A7ECDF542A0E6F6B00B448FC = {
						CreatedOnToolsVersion = 14.3;
						TestTargetID = A7ECDF442A0E6F6900B448FC;
					};
					A7ECDF5E2A0E6F6B00B448FC = {
						CreatedOnToolsVersion = 14.3;
						TestTargetID = A7ECDF442A0E6F6900B448FC;
					};
				};
			};
			buildConfigurationList = A7ECDF402A0E6F6900B448FC /* Build configuration list for PBXProject "CustCalc" */;
			compatibilityVersion = "Xcode 14.0";
			developmentRegion = en;
			hasScannedForEncodings = 0;
			knownRegions = (
				en,
				Base,
				de,
				fi,
				ar,
				nl,
				fr,
			);
			mainGroup = A7ECDF3C2A0E6F6900B448FC;
			productRefGroup = A7ECDF462A0E6F6900B448FC /* Products */;
			projectDirPath = "";
			projectRoot = "";
			targets = (
				A7ECDF442A0E6F6900B448FC /* CustCalc */,
				A7ECDF542A0E6F6B00B448FC /* CustCalcTests */,
				A7ECDF5E2A0E6F6B00B448FC /* CustCalcUITests */,
			);
		};
/* End PBXProject section */

/* Begin PBXResourcesBuildPhase section */
		A7ECDF432A0E6F6900B448FC /* Resources */ = {
			isa = PBXResourcesBuildPhase;
			buildActionMask = 2147483647;
			files = (
				A7ECDF4D2A0E6F6B00B448FC /* Assets.xcassets in Resources */,
				A7361F0C2A1BC64000DB4455 /* Localizable.strings in Resources */,
			);
			runOnlyForDeploymentPostprocessing = 0;
		};
		A7ECDF532A0E6F6B00B448FC /* Resources */ = {
			isa = PBXResourcesBuildPhase;
			buildActionMask = 2147483647;
			files = (
			);
			runOnlyForDeploymentPostprocessing = 0;
		};
		A7ECDF5D2A0E6F6B00B448FC /* Resources */ = {
			isa = PBXResourcesBuildPhase;
			buildActionMask = 2147483647;
			files = (
			);
			runOnlyForDeploymentPostprocessing = 0;
		};
/* End PBXResourcesBuildPhase section */

/* Begin PBXSourcesBuildPhase section */
		A7ECDF412A0E6F6900B448FC /* Sources */ = {
			isa = PBXSourcesBuildPhase;
			buildActionMask = 2147483647;
			files = (
				350D92102B38BE26001B9318 /* Credits.swift in Sources */,
				A75809252A0F514800EC04EA /* Notes.swift in Sources */,
				A7ECDF492A0E6F6900B448FC /* CustomCalcApp.swift in Sources */,
				350D920E2B38BE09001B9318 /* Calculator.swift in Sources */,
				A78D58502A15548200C300C1 /* updates.swift in Sources */,
				A7318FF82A19438300E85289 /* upper_box.swift in Sources */,
				EFFE953C2B3A3A6A00B25366 /* preview_box.swift in Sources */,
				B5D621FE2A24C6A500556527 /* History.swift in Sources */,
				B5D621FA2A23FE1500556527 /* Gesture.swift in Sources */,
				A78D58332A13EA5700C300C1 /* Haptic+Sound.swift in Sources */,
				B5D621F72A23C68F00556527 /* EmojiPicker.swift in Sources */,
				A7ECDF7D2A0E974E00B448FC /* SettingsUI.swift in Sources */,
				A75FECC92A1283BE008F51D6 /* shape.swift in Sources */,
				A75F51BB2A10E7280072A254 /* GridSettings.swift in Sources */,
				A7ECDF752A0E8E2800B448FC /* color_and_shadows.swift in Sources */,
				B510A41A2A3234D300D30A6D /* TabBar.swift in Sources */,
				A78D582F2A12B4F400C300C1 /* Layout.swift in Sources */,
				B5D621FC2A2431C100556527 /* arg.swift in Sources */,
				B5ECC7602A2A22C700DD54E1 /* notest.swift in Sources */,
				A7ECDF772A0E905A00B448FC /* RootView.swift in Sources */,
			);
			runOnlyForDeploymentPostprocessing = 0;
		};
		A7ECDF512A0E6F6B00B448FC /* Sources */ = {
			isa = PBXSourcesBuildPhase;
			buildActionMask = 2147483647;
			files = (
				A7ECDF5A2A0E6F6B00B448FC /* CustomCalcTests.swift in Sources */,
			);
			runOnlyForDeploymentPostprocessing = 0;
		};
		A7ECDF5B2A0E6F6B00B448FC /* Sources */ = {
			isa = PBXSourcesBuildPhase;
			buildActionMask = 2147483647;
			files = (
				A7ECDF662A0E6F6B00B448FC /* CustomCalcUITestsLaunchTests.swift in Sources */,
				A7ECDF642A0E6F6B00B448FC /* CustomCalcUITests.swift in Sources */,
			);
			runOnlyForDeploymentPostprocessing = 0;
		};
/* End PBXSourcesBuildPhase section */

/* Begin PBXTargetDependency section */
		A78D58892A1607B500C300C1 /* PBXTargetDependency */ = {
			isa = PBXTargetDependency;
			targetProxy = A78D58882A1607B500C300C1 /* PBXContainerItemProxy */;
		};
		A7ECDF572A0E6F6B00B448FC /* PBXTargetDependency */ = {
			isa = PBXTargetDependency;
			target = A7ECDF442A0E6F6900B448FC /* CustCalc */;
			targetProxy = A7ECDF562A0E6F6B00B448FC /* PBXContainerItemProxy */;
		};
		A7ECDF612A0E6F6B00B448FC /* PBXTargetDependency */ = {
			isa = PBXTargetDependency;
			target = A7ECDF442A0E6F6900B448FC /* CustCalc */;
			targetProxy = A7ECDF602A0E6F6B00B448FC /* PBXContainerItemProxy */;
		};
/* End PBXTargetDependency section */

/* Begin PBXVariantGroup section */
		A7361F0E2A1BC64000DB4455 /* Localizable.strings */ = {
			isa = PBXVariantGroup;
			children = (
				A7361F0D2A1BC64000DB4455 /* en */,
				A7361F112A1BD01F00DB4455 /* de */,
				B5D6217C2A224F9500556527 /* fi */,
				B5D6217D2A22694900556527 /* ar */,
				B5D621F32A23AE2F00556527 /* nl */,
				B5D621F82A23EF3400556527 /* fr */,
			);
			name = Localizable.strings;
			sourceTree = "<group>";
		};
/* End PBXVariantGroup section */

/* Begin XCBuildConfiguration section */
		A7ECDF672A0E6F6B00B448FC /* Debug */ = {
			isa = XCBuildConfiguration;
			buildSettings = {
				ALWAYS_SEARCH_USER_PATHS = NO;
				CLANG_ANALYZER_LOCALIZABILITY_NONLOCALIZED = YES;
				CLANG_ANALYZER_NONNULL = YES;
				CLANG_ANALYZER_NUMBER_OBJECT_CONVERSION = YES_AGGRESSIVE;
				CLANG_CXX_LANGUAGE_STANDARD = "gnu++20";
				CLANG_ENABLE_MODULES = YES;
				CLANG_ENABLE_OBJC_ARC = YES;
				CLANG_ENABLE_OBJC_WEAK = YES;
				CLANG_WARN_BLOCK_CAPTURE_AUTORELEASING = YES;
				CLANG_WARN_BOOL_CONVERSION = YES;
				CLANG_WARN_COMMA = YES;
				CLANG_WARN_CONSTANT_CONVERSION = YES;
				CLANG_WARN_DEPRECATED_OBJC_IMPLEMENTATIONS = YES;
				CLANG_WARN_DIRECT_OBJC_ISA_USAGE = YES_ERROR;
				CLANG_WARN_DOCUMENTATION_COMMENTS = YES;
				CLANG_WARN_EMPTY_BODY = YES;
				CLANG_WARN_ENUM_CONVERSION = YES;
				CLANG_WARN_INFINITE_RECURSION = YES;
				CLANG_WARN_INT_CONVERSION = YES;
				CLANG_WARN_NON_LITERAL_NULL_CONVERSION = YES;
				CLANG_WARN_OBJC_IMPLICIT_RETAIN_SELF = YES;
				CLANG_WARN_OBJC_LITERAL_CONVERSION = YES;
				CLANG_WARN_OBJC_ROOT_CLASS = YES_ERROR;
				CLANG_WARN_QUOTED_INCLUDE_IN_FRAMEWORK_HEADER = YES;
				CLANG_WARN_RANGE_LOOP_ANALYSIS = YES;
				CLANG_WARN_STRICT_PROTOTYPES = YES;
				CLANG_WARN_SUSPICIOUS_MOVE = YES;
				CLANG_WARN_UNGUARDED_AVAILABILITY = YES_AGGRESSIVE;
				CLANG_WARN_UNREACHABLE_CODE = YES;
				CLANG_WARN__DUPLICATE_METHOD_MATCH = YES;
				COPY_PHASE_STRIP = NO;
				DEBUG_INFORMATION_FORMAT = dwarf;
				ENABLE_STRICT_OBJC_MSGSEND = YES;
				ENABLE_TESTABILITY = YES;
				ENABLE_USER_SCRIPT_SANDBOXING = YES;
				GCC_C_LANGUAGE_STANDARD = gnu11;
				GCC_DYNAMIC_NO_PIC = NO;
				GCC_NO_COMMON_BLOCKS = YES;
				GCC_OPTIMIZATION_LEVEL = 0;
				GCC_PREPROCESSOR_DEFINITIONS = (
					"DEBUG=1",
					"$(inherited)",
				);
				GCC_WARN_64_TO_32_BIT_CONVERSION = YES;
				GCC_WARN_ABOUT_RETURN_TYPE = YES_ERROR;
				GCC_WARN_UNDECLARED_SELECTOR = YES;
				GCC_WARN_UNINITIALIZED_AUTOS = YES_AGGRESSIVE;
				GCC_WARN_UNUSED_FUNCTION = YES;
				GCC_WARN_UNUSED_VARIABLE = YES;
				IPHONEOS_DEPLOYMENT_TARGET = 17.0;
				MTL_ENABLE_DEBUG_INFO = INCLUDE_SOURCE;
				MTL_FAST_MATH = YES;
				ONLY_ACTIVE_ARCH = YES;
				SDKROOT = iphoneos;
				SWIFT_ACTIVE_COMPILATION_CONDITIONS = DEBUG;
				SWIFT_OPTIMIZATION_LEVEL = "-Onone";
			};
			name = Debug;
		};
		A7ECDF682A0E6F6B00B448FC /* Release */ = {
			isa = XCBuildConfiguration;
			buildSettings = {
				ALWAYS_SEARCH_USER_PATHS = NO;
				CLANG_ANALYZER_LOCALIZABILITY_NONLOCALIZED = YES;
				CLANG_ANALYZER_NONNULL = YES;
				CLANG_ANALYZER_NUMBER_OBJECT_CONVERSION = YES_AGGRESSIVE;
				CLANG_CXX_LANGUAGE_STANDARD = "gnu++20";
				CLANG_ENABLE_MODULES = YES;
				CLANG_ENABLE_OBJC_ARC = YES;
				CLANG_ENABLE_OBJC_WEAK = YES;
				CLANG_WARN_BLOCK_CAPTURE_AUTORELEASING = YES;
				CLANG_WARN_BOOL_CONVERSION = YES;
				CLANG_WARN_COMMA = YES;
				CLANG_WARN_CONSTANT_CONVERSION = YES;
				CLANG_WARN_DEPRECATED_OBJC_IMPLEMENTATIONS = YES;
				CLANG_WARN_DIRECT_OBJC_ISA_USAGE = YES_ERROR;
				CLANG_WARN_DOCUMENTATION_COMMENTS = YES;
				CLANG_WARN_EMPTY_BODY = YES;
				CLANG_WARN_ENUM_CONVERSION = YES;
				CLANG_WARN_INFINITE_RECURSION = YES;
				CLANG_WARN_INT_CONVERSION = YES;
				CLANG_WARN_NON_LITERAL_NULL_CONVERSION = YES;
				CLANG_WARN_OBJC_IMPLICIT_RETAIN_SELF = YES;
				CLANG_WARN_OBJC_LITERAL_CONVERSION = YES;
				CLANG_WARN_OBJC_ROOT_CLASS = YES_ERROR;
				CLANG_WARN_QUOTED_INCLUDE_IN_FRAMEWORK_HEADER = YES;
				CLANG_WARN_RANGE_LOOP_ANALYSIS = YES;
				CLANG_WARN_STRICT_PROTOTYPES = YES;
				CLANG_WARN_SUSPICIOUS_MOVE = YES;
				CLANG_WARN_UNGUARDED_AVAILABILITY = YES_AGGRESSIVE;
				CLANG_WARN_UNREACHABLE_CODE = YES;
				CLANG_WARN__DUPLICATE_METHOD_MATCH = YES;
				COPY_PHASE_STRIP = NO;
				DEBUG_INFORMATION_FORMAT = "dwarf-with-dsym";
				ENABLE_NS_ASSERTIONS = NO;
				ENABLE_STRICT_OBJC_MSGSEND = YES;
				ENABLE_USER_SCRIPT_SANDBOXING = YES;
				GCC_C_LANGUAGE_STANDARD = gnu11;
				GCC_NO_COMMON_BLOCKS = YES;
				GCC_WARN_64_TO_32_BIT_CONVERSION = YES;
				GCC_WARN_ABOUT_RETURN_TYPE = YES_ERROR;
				GCC_WARN_UNDECLARED_SELECTOR = YES;
				GCC_WARN_UNINITIALIZED_AUTOS = YES_AGGRESSIVE;
				GCC_WARN_UNUSED_FUNCTION = YES;
				GCC_WARN_UNUSED_VARIABLE = YES;
				IPHONEOS_DEPLOYMENT_TARGET = 17.0;
				MTL_ENABLE_DEBUG_INFO = NO;
				MTL_FAST_MATH = YES;
				SDKROOT = iphoneos;
				SWIFT_COMPILATION_MODE = wholemodule;
				SWIFT_OPTIMIZATION_LEVEL = "-O";
				VALIDATE_PRODUCT = YES;
			};
			name = Release;
		};
		A7ECDF6A2A0E6F6B00B448FC /* Debug */ = {
			isa = XCBuildConfiguration;
			buildSettings = {
				ASSETCATALOG_COMPILER_APPICON_NAME = AppIcon;
				"ASSETCATALOG_COMPILER_APPICON_NAME[sdk=iphoneos*]" = AppIcon;
				ASSETCATALOG_COMPILER_GLOBAL_ACCENT_COLOR_NAME = AccentColor;
				ASSETCATALOG_COMPILER_INCLUDE_ALL_APPICON_ASSETS = NO;
				CODE_SIGN_ENTITLEMENTS = CustCalc.entitlements;
				CODE_SIGN_STYLE = Automatic;
				CURRENT_PROJECT_VERSION = 0;
				DEVELOPMENT_ASSET_PATHS = "\"CustomCalc\"";
				DEVELOPMENT_TEAM = 8BSRH6RTJ5;
				ENABLE_PREVIEWS = YES;
				GENERATE_INFOPLIST_FILE = YES;
				INFOPLIST_FILE = "CustCalc-Info.plist";
				INFOPLIST_KEY_CFBundleDisplayName = CustCalc;
				INFOPLIST_KEY_LSApplicationCategoryType = "public.app-category.utilities";
				INFOPLIST_KEY_LSSupportsOpeningDocumentsInPlace = YES;
				INFOPLIST_KEY_UIApplicationSceneManifest_Generation = YES;
				INFOPLIST_KEY_UIApplicationSupportsIndirectInputEvents = YES;
				INFOPLIST_KEY_UILaunchScreen_Generation = YES;
				INFOPLIST_KEY_UISupportedInterfaceOrientations = UIInterfaceOrientationPortrait;
				INFOPLIST_KEY_UISupportedInterfaceOrientations_iPad = "UIInterfaceOrientationLandscapeLeft UIInterfaceOrientationLandscapeRight UIInterfaceOrientationPortrait UIInterfaceOrientationPortraitUpsideDown";
				IPHONEOS_DEPLOYMENT_TARGET = 16.0;
				LD_RUNPATH_SEARCH_PATHS = (
					"$(inherited)",
					"@executable_path/Frameworks",
				);
				MARKETING_VERSION = 2.0;
				PRODUCT_BUNDLE_IDENTIFIER = fjwhjegsdbfkajaehwjfbjhmnbjh;
				PRODUCT_NAME = "$(TARGET_NAME)";
				SUPPORTED_PLATFORMS = "iphoneos iphonesimulator macosx";
				SUPPORTS_MACCATALYST = YES;
				SUPPORTS_MAC_DESIGNED_FOR_IPHONE_IPAD = YES;
				SWIFT_EMIT_LOC_STRINGS = YES;
				SWIFT_VERSION = 5.0;
				TARGETED_DEVICE_FAMILY = "1,2";
			};
			name = Debug;
		};
		A7ECDF6B2A0E6F6B00B448FC /* Release */ = {
			isa = XCBuildConfiguration;
			buildSettings = {
				ASSETCATALOG_COMPILER_APPICON_NAME = AppIcon;
				ASSETCATALOG_COMPILER_GLOBAL_ACCENT_COLOR_NAME = AccentColor;
				ASSETCATALOG_COMPILER_INCLUDE_ALL_APPICON_ASSETS = NO;
				CODE_SIGN_ENTITLEMENTS = CustCalc.entitlements;
				CODE_SIGN_STYLE = Automatic;
				CURRENT_PROJECT_VERSION = 0;
				DEVELOPMENT_ASSET_PATHS = "\"CustomCalc\"";
				DEVELOPMENT_TEAM = 247WTX8N88;
				ENABLE_PREVIEWS = YES;
				GENERATE_INFOPLIST_FILE = YES;
				INFOPLIST_FILE = "CustCalc-Info.plist";
				INFOPLIST_KEY_CFBundleDisplayName = CustCalc;
				INFOPLIST_KEY_LSApplicationCategoryType = "public.app-category.utilities";
				INFOPLIST_KEY_LSSupportsOpeningDocumentsInPlace = YES;
				INFOPLIST_KEY_UIApplicationSceneManifest_Generation = YES;
				INFOPLIST_KEY_UIApplicationSupportsIndirectInputEvents = YES;
				INFOPLIST_KEY_UILaunchScreen_Generation = YES;
				INFOPLIST_KEY_UISupportedInterfaceOrientations = UIInterfaceOrientationPortrait;
				INFOPLIST_KEY_UISupportedInterfaceOrientations_iPad = "UIInterfaceOrientationLandscapeLeft UIInterfaceOrientationLandscapeRight UIInterfaceOrientationPortrait UIInterfaceOrientationPortraitUpsideDown";
				IPHONEOS_DEPLOYMENT_TARGET = 16.0;
				LD_RUNPATH_SEARCH_PATHS = (
					"$(inherited)",
					"@executable_path/Frameworks",
				);
				MARKETING_VERSION = 2.0;
				PRODUCT_BUNDLE_IDENTIFIER = fjwhjegsdbfkajaehwjfbiulawekgf;
				PRODUCT_NAME = "$(TARGET_NAME)";
				SUPPORTED_PLATFORMS = "iphoneos iphonesimulator macosx";
				SUPPORTS_MACCATALYST = YES;
				SUPPORTS_MAC_DESIGNED_FOR_IPHONE_IPAD = YES;
				SWIFT_EMIT_LOC_STRINGS = YES;
				SWIFT_VERSION = 5.0;
				TARGETED_DEVICE_FAMILY = "1,2";
			};
			name = Release;
		};
		A7ECDF6D2A0E6F6B00B448FC /* Debug */ = {
			isa = XCBuildConfiguration;
			buildSettings = {
				ALWAYS_EMBED_SWIFT_STANDARD_LIBRARIES = YES;
				BUNDLE_LOADER = "$(TEST_HOST)";
				CODE_SIGN_STYLE = Automatic;
				CURRENT_PROJECT_VERSION = 1;
				DEVELOPMENT_TEAM = 625F8G5286;
				GENERATE_INFOPLIST_FILE = YES;
				IPHONEOS_DEPLOYMENT_TARGET = 16.4;
				MARKETING_VERSION = 1.0;
				PRODUCT_BUNDLE_IDENTIFIER = com.silverkonik.colorfulcalculator.CustomCalcTests;
				PRODUCT_NAME = "$(TARGET_NAME)";
				SWIFT_EMIT_LOC_STRINGS = NO;
				SWIFT_VERSION = 5.0;
				TARGETED_DEVICE_FAMILY = "1,2";
				TEST_HOST = "$(BUILT_PRODUCTS_DIR)/CustCalc.app/$(BUNDLE_EXECUTABLE_FOLDER_PATH)/CustCalc";
			};
			name = Debug;
		};
		A7ECDF6E2A0E6F6B00B448FC /* Release */ = {
			isa = XCBuildConfiguration;
			buildSettings = {
				ALWAYS_EMBED_SWIFT_STANDARD_LIBRARIES = YES;
				BUNDLE_LOADER = "$(TEST_HOST)";
				CODE_SIGN_STYLE = Automatic;
				CURRENT_PROJECT_VERSION = 1;
				DEVELOPMENT_TEAM = 625F8G5286;
				GENERATE_INFOPLIST_FILE = YES;
				IPHONEOS_DEPLOYMENT_TARGET = 16.4;
				MARKETING_VERSION = 1.0;
				PRODUCT_BUNDLE_IDENTIFIER = com.silverkonik.colorfulcalculator.CustomCalcTests;
				PRODUCT_NAME = "$(TARGET_NAME)";
				SWIFT_EMIT_LOC_STRINGS = NO;
				SWIFT_VERSION = 5.0;
				TARGETED_DEVICE_FAMILY = "1,2";
				TEST_HOST = "$(BUILT_PRODUCTS_DIR)/CustCalc.app/$(BUNDLE_EXECUTABLE_FOLDER_PATH)/CustCalc";
			};
			name = Release;
		};
		A7ECDF702A0E6F6B00B448FC /* Debug */ = {
			isa = XCBuildConfiguration;
			buildSettings = {
				ALWAYS_EMBED_SWIFT_STANDARD_LIBRARIES = YES;
				CODE_SIGN_STYLE = Automatic;
				CURRENT_PROJECT_VERSION = 1;
				DEVELOPMENT_TEAM = 625F8G5286;
				GENERATE_INFOPLIST_FILE = YES;
				MARKETING_VERSION = 1.0;
				PRODUCT_BUNDLE_IDENTIFIER = com.silverkonik.colorfulcalculator.CustomCalcUITests;
				PRODUCT_NAME = "$(TARGET_NAME)";
				SWIFT_EMIT_LOC_STRINGS = NO;
				SWIFT_VERSION = 5.0;
				TARGETED_DEVICE_FAMILY = "1,2";
				TEST_TARGET_NAME = CustomCalc;
			};
			name = Debug;
		};
		A7ECDF712A0E6F6B00B448FC /* Release */ = {
			isa = XCBuildConfiguration;
			buildSettings = {
				ALWAYS_EMBED_SWIFT_STANDARD_LIBRARIES = YES;
				CODE_SIGN_STYLE = Automatic;
				CURRENT_PROJECT_VERSION = 1;
				DEVELOPMENT_TEAM = 625F8G5286;
				GENERATE_INFOPLIST_FILE = YES;
				MARKETING_VERSION = 1.0;
				PRODUCT_BUNDLE_IDENTIFIER = com.silverkonik.colorfulcalculator.CustomCalcUITests;
				PRODUCT_NAME = "$(TARGET_NAME)";
				SWIFT_EMIT_LOC_STRINGS = NO;
				SWIFT_VERSION = 5.0;
				TARGETED_DEVICE_FAMILY = "1,2";
				TEST_TARGET_NAME = CustomCalc;
			};
			name = Release;
		};
/* End XCBuildConfiguration section */

/* Begin XCConfigurationList section */
		A7ECDF402A0E6F6900B448FC /* Build configuration list for PBXProject "CustCalc" */ = {
			isa = XCConfigurationList;
			buildConfigurations = (
				A7ECDF672A0E6F6B00B448FC /* Debug */,
				A7ECDF682A0E6F6B00B448FC /* Release */,
			);
			defaultConfigurationIsVisible = 0;
			defaultConfigurationName = Release;
		};
		A7ECDF692A0E6F6B00B448FC /* Build configuration list for PBXNativeTarget "CustCalc" */ = {
			isa = XCConfigurationList;
			buildConfigurations = (
				A7ECDF6A2A0E6F6B00B448FC /* Debug */,
				A7ECDF6B2A0E6F6B00B448FC /* Release */,
			);
			defaultConfigurationIsVisible = 0;
			defaultConfigurationName = Release;
		};
		A7ECDF6C2A0E6F6B00B448FC /* Build configuration list for PBXNativeTarget "CustCalcTests" */ = {
			isa = XCConfigurationList;
			buildConfigurations = (
				A7ECDF6D2A0E6F6B00B448FC /* Debug */,
				A7ECDF6E2A0E6F6B00B448FC /* Release */,
			);
			defaultConfigurationIsVisible = 0;
			defaultConfigurationName = Release;
		};
		A7ECDF6F2A0E6F6B00B448FC /* Build configuration list for PBXNativeTarget "CustCalcUITests" */ = {
			isa = XCConfigurationList;
			buildConfigurations = (
				A7ECDF702A0E6F6B00B448FC /* Debug */,
				A7ECDF712A0E6F6B00B448FC /* Release */,
			);
			defaultConfigurationIsVisible = 0;
			defaultConfigurationName = Release;
		};
/* End XCConfigurationList section */
	};
	rootObject = A7ECDF3D2A0E6F6900B448FC /* Project object */;
}
